# @generated - this file is auto-generated by `mise lock` https://mise.en.dev/dev-tools/mise-lock.html

[[tools."github:go-task/task"]]
version = "v3.49.1"
backend = "github:go-task/task"

[tools."github:go-task/task"."platforms.linux-arm64"]
checksum = "sha256:aa6732c9c66397c5380ec2b60c070fd599075b2a8538dba03f3a21edc99ab0cb"
url = "https://github.com/go-task/task/releases/download/v3.49.1/task_linux_arm64.tar.gz"
url_api = "https://api.github.com/repos/go-task/task/releases/assets/369609773"

[tools."github:go-task/task"."platforms.linux-arm64-musl"]
checksum = "sha256:aa6732c9c66397c5380ec2b60c070fd599075b2a8538dba03f3a21edc99ab0cb"
url = "https://github.com/go-task/task/releases/download/v3.49.1/task_linux_arm64.tar.gz"
url_api = "https://api.github.com/repos/go-task/task/releases/assets/369609773"

[tools."github:go-task/task"."platforms.linux-x64"]
checksum = "sha256:4e7d24f1bf38218aec8f244eb7ba671f898830f9f87b3c9b30ff1c09e3135576"
url = "https://github.com/go-task/task/releases/download/v3.49.1/task_linux_amd64.tar.gz"
url_api = "https://api.github.com/repos/go-task/task/releases/assets/369609772"

[tools."github:go-task/task"."platforms.linux-x64-musl"]
checksum = "sha256:4e7d24f1bf38218aec8f244eb7ba671f898830f9f87b3c9b30ff1c09e3135576"
url = "https://github.com/go-task/task/releases/download/v3.49.1/task_linux_amd64.tar.gz"
url_api = "https://api.github.com/repos/go-task/task/releases/assets/369609772"

[tools."github:go-task/task"."platforms.macos-arm64"]
checksum = "sha256:0f556b66df69d53b790c7fd26bfab73543b4a5ce1767df6b2e8499619e2a205b"
url = "https://github.com/go-task/task/releases/download/v3.49.1/task_darwin_arm64.tar.gz"
url_api = "https://api.github.com/repos/go-task/task/releases/assets/369609792"

[tools."github:go-task/task"."platforms.macos-x64"]
checksum = "sha256:8bc4dd3baed1c71956ade0bb0a9c1b94e3ed7b65e7f2ff3aab13d0562c820e59"
url = "https://github.com/go-task/task/releases/download/v3.49.1/task_darwin_amd64.tar.gz"
url_api = "https://api.github.com/repos/go-task/task/releases/assets/369609774"

[tools."github:go-task/task"."platforms.windows-x64"]
checksum = "sha256:725c551f699d4d6c0dc57bd8148f72bef8d5b2fb650d9c985f271a61522fd521"
url = "https://github.com/go-task/task/releases/download/v3.49.1/task_windows_amd64.zip"
url_api = "https://api.github.com/repos/go-task/task/releases/assets/369609805"

[[tools."github:ip7z/7zip"]]
version = "26.00"
backend = "github:ip7z/7zip"

[tools."github:ip7z/7zip"."platforms.linux-arm64"]
checksum = "sha256:aa8f3d0a19af9674d3af0ec788b4e261501071e626cd75ad149f1c2c176cc87d"
url = "https://github.com/ip7z/7zip/releases/download/26.00/7z2600-linux-arm64.tar.xz"
url_api = "https://api.github.com/repos/ip7z/7zip/releases/assets/354783426"

[tools."github:ip7z/7zip"."platforms.linux-arm64-musl"]
checksum = "sha256:aa8f3d0a19af9674d3af0ec788b4e261501071e626cd75ad149f1c2c176cc87d"
url = "https://github.com/ip7z/7zip/releases/download/26.00/7z2600-linux-arm64.tar.xz"
url_api = "https://api.github.com/repos/ip7z/7zip/releases/assets/354783426"

[tools."github:ip7z/7zip"."platforms.linux-x64"]
checksum = "sha256:c74dc4a48492cde43f5fec10d53fb2a66f520e4a62a69d630c44cb22c477edc6"
url = "https://github.com/ip7z/7zip/releases/download/26.00/7z2600-linux-x64.tar.xz"
url_api = "https://api.github.com/repos/ip7z/7zip/releases/assets/354783459"

[tools."github:ip7z/7zip"."platforms.linux-x64-musl"]
checksum = "sha256:c74dc4a48492cde43f5fec10d53fb2a66f520e4a62a69d630c44cb22c477edc6"
url = "https://github.com/ip7z/7zip/releases/download/26.00/7z2600-linux-x64.tar.xz"
url_api = "https://api.github.com/repos/ip7z/7zip/releases/assets/354783459"

[tools."github:ip7z/7zip"."platforms.macos-arm64"]
checksum = "sha256:8a2ea734b52b2cb7d568f5f13e0a137bea3004b221bdbee53197728a9051c849"
url = "https://github.com/ip7z/7zip/releases/download/26.00/7z2600-mac.tar.xz"
url_api = "https://api.github.com/repos/ip7z/7zip/releases/assets/354783472"

[tools."github:ip7z/7zip"."platforms.macos-x64"]
checksum = "sha256:8a2ea734b52b2cb7d568f5f13e0a137bea3004b221bdbee53197728a9051c849"
url = "https://github.com/ip7z/7zip/releases/download/26.00/7z2600-mac.tar.xz"
url_api = "https://api.github.com/repos/ip7z/7zip/releases/assets/354783472"

[tools."github:ip7z/7zip"."platforms.windows-x64"]
checksum = "sha256:6fe18d5b3080e39678cabfa6cef12cfb25086377389b803a36a3c43236a8a82c"
url = "https://github.com/ip7z/7zip/releases/download/26.00/7z2600-x64.exe"
url_api = "https://api.github.com/repos/ip7z/7zip/releases/assets/354783494"

[[tools.zig]]
version = "0.16.0"
backend = "core:zig"

[tools.zig."platforms.linux-arm64"]
checksum = "sha256:ea4b09bfb22ec6f6c6ceac57ab63efb6b46e17ab08d21f69f3a48b38e1534f17"
url = "https://ziglang.org/download/0.16.0/zig-aarch64-linux-0.16.0.tar.xz"

[tools.zig."platforms.linux-arm64-musl"]
checksum = "sha256:ea4b09bfb22ec6f6c6ceac57ab63efb6b46e17ab08d21f69f3a48b38e1534f17"
url = "https://ziglang.org/download/0.16.0/zig-aarch64-linux-0.16.0.tar.xz"

[tools.zig."platforms.linux-x64"]
checksum = "sha256:70e49664a74374b48b51e6f3fdfbf437f6395d42509050588bd49abe52ba3d00"
url = "https://ziglang.org/download/0.16.0/zig-x86_64-linux-0.16.0.tar.xz"

[tools.zig."platforms.linux-x64-musl"]
checksum = "sha256:70e49664a74374b48b51e6f3fdfbf437f6395d42509050588bd49abe52ba3d00"
url = "https://ziglang.org/download/0.16.0/zig-x86_64-linux-0.16.0.tar.xz"

[tools.zig."platforms.macos-arm64"]
checksum = "sha256:b23d70deaa879b5c2d486ed3316f7eaa53e84acf6fc9cc747de152450d401489"
url = "https://ziglang.org/download/0.16.0/zig-aarch64-macos-0.16.0.tar.xz"

[tools.zig."platforms.macos-x64"]
checksum = "sha256:0387557ed1877bc6a2e1802c8391953baddba76081876301c522f52977b52ba7"
url = "https://ziglang.org/download/0.16.0/zig-x86_64-macos-0.16.0.tar.xz"

[tools.zig."platforms.windows-x64"]
checksum = "sha256:68659eb5f1e4eb1437a722f1dd889c5a322c9954607f5edcf337bc3684a75a7e"
url = "https://ziglang.org/download/0.16.0/zig-x86_64-windows-0.16.0.zip"
