# @generated - this file is auto-generated by `mise lock` https://mise.en.dev/dev-tools/mise-lock.html

[[tools."github:FiloSottile/mkcert"]]
version = "1.4.4"
backend = "github:FiloSottile/mkcert"

[tools."github:FiloSottile/mkcert"."platforms.linux-arm64"]
url = "https://github.com/FiloSottile/mkcert/releases/download/v1.4.4/mkcert-v1.4.4-linux-arm64"
url_api = "https://api.github.com/repos/FiloSottile/mkcert/releases/assets/63709957"

[tools."github:FiloSottile/mkcert"."platforms.linux-arm64-musl"]
url = "https://github.com/FiloSottile/mkcert/releases/download/v1.4.4/mkcert-v1.4.4-linux-arm64"
url_api = "https://api.github.com/repos/FiloSottile/mkcert/releases/assets/63709957"

[tools."github:FiloSottile/mkcert"."platforms.linux-x64"]
url = "https://github.com/FiloSottile/mkcert/releases/download/v1.4.4/mkcert-v1.4.4-linux-amd64"
url_api = "https://api.github.com/repos/FiloSottile/mkcert/releases/assets/63709955"

[tools."github:FiloSottile/mkcert"."platforms.linux-x64-musl"]
url = "https://github.com/FiloSottile/mkcert/releases/download/v1.4.4/mkcert-v1.4.4-linux-amd64"
url_api = "https://api.github.com/repos/FiloSottile/mkcert/releases/assets/63709955"

[tools."github:FiloSottile/mkcert"."platforms.macos-arm64"]
url = "https://github.com/FiloSottile/mkcert/releases/download/v1.4.4/mkcert-v1.4.4-darwin-arm64"
url_api = "https://api.github.com/repos/FiloSottile/mkcert/releases/assets/63709954"

[tools."github:FiloSottile/mkcert"."platforms.macos-x64"]
url = "https://github.com/FiloSottile/mkcert/releases/download/v1.4.4/mkcert-v1.4.4-darwin-amd64"
url_api = "https://api.github.com/repos/FiloSottile/mkcert/releases/assets/63709952"

[tools."github:FiloSottile/mkcert"."platforms.windows-x64"]
url = "https://github.com/FiloSottile/mkcert/releases/download/v1.4.4/mkcert-v1.4.4-windows-amd64.exe"
url_api = "https://api.github.com/repos/FiloSottile/mkcert/releases/assets/63709958"

[[tools."github:bonisoft3/bayt"]]
version = "0.58.4"
backend = "github:bonisoft3/bayt"

[tools."github:bonisoft3/bayt"."platforms.linux-arm64"]
checksum = "sha256:63fe0d25f309e83b8ce2f9f7ae81e9e22a3ee9ac82cab3b6462260cb36fb332f"
url = "https://github.com/bonisoft3/bayt/releases/download/v0.58.4/bayt-linux-arm64.tar.gz"
url_api = "https://api.github.com/repos/bonisoft3/bayt/releases/assets/614619700"

[tools."github:bonisoft3/bayt"."platforms.linux-arm64-musl"]
checksum = "sha256:63fe0d25f309e83b8ce2f9f7ae81e9e22a3ee9ac82cab3b6462260cb36fb332f"
url = "https://github.com/bonisoft3/bayt/releases/download/v0.58.4/bayt-linux-arm64.tar.gz"
url_api = "https://api.github.com/repos/bonisoft3/bayt/releases/assets/614619700"

[tools."github:bonisoft3/bayt"."platforms.linux-x64"]
checksum = "sha256:63fe0d25f309e83b8ce2f9f7ae81e9e22a3ee9ac82cab3b6462260cb36fb332f"
url = "https://github.com/bonisoft3/bayt/releases/download/v0.58.4/bayt-linux-x64.tar.gz"
url_api = "https://api.github.com/repos/bonisoft3/bayt/releases/assets/614619697"

[tools."github:bonisoft3/bayt"."platforms.linux-x64-musl"]
checksum = "sha256:63fe0d25f309e83b8ce2f9f7ae81e9e22a3ee9ac82cab3b6462260cb36fb332f"
url = "https://github.com/bonisoft3/bayt/releases/download/v0.58.4/bayt-linux-x64.tar.gz"
url_api = "https://api.github.com/repos/bonisoft3/bayt/releases/assets/614619697"

[tools."github:bonisoft3/bayt"."platforms.macos-arm64"]
checksum = "sha256:63fe0d25f309e83b8ce2f9f7ae81e9e22a3ee9ac82cab3b6462260cb36fb332f"
url = "https://github.com/bonisoft3/bayt/releases/download/v0.58.4/bayt-macos-arm64.tar.gz"
url_api = "https://api.github.com/repos/bonisoft3/bayt/releases/assets/614619692"

[tools."github:bonisoft3/bayt"."platforms.macos-x64"]
checksum = "sha256:63fe0d25f309e83b8ce2f9f7ae81e9e22a3ee9ac82cab3b6462260cb36fb332f"
url = "https://github.com/bonisoft3/bayt/releases/download/v0.58.4/bayt-macos-x64.tar.gz"
url_api = "https://api.github.com/repos/bonisoft3/bayt/releases/assets/614619698"

[tools."github:bonisoft3/bayt"."platforms.windows-x64"]
checksum = "sha256:63fe0d25f309e83b8ce2f9f7ae81e9e22a3ee9ac82cab3b6462260cb36fb332f"
url = "https://github.com/bonisoft3/bayt/releases/download/v0.58.4/bayt-windows-x64.tar.gz"
url_api = "https://api.github.com/repos/bonisoft3/bayt/releases/assets/614619696"

[[tools."github:bonisoft3/mecha"]]
version = "0.7.0"
backend = "github:bonisoft3/mecha"

[tools."github:bonisoft3/mecha"."platforms.linux-arm64"]
checksum = "sha256:b95880f4ff7a217cbed8de021e6f90b9834834d84f5691568cedf26efe815ab0"
url = "https://github.com/bonisoft3/mecha/releases/download/v0.7.0/mecha-linux-arm64.tar.gz"
url_api = "https://api.github.com/repos/bonisoft3/mecha/releases/assets/618482221"

[tools."github:bonisoft3/mecha"."platforms.linux-arm64-musl"]
checksum = "sha256:b95880f4ff7a217cbed8de021e6f90b9834834d84f5691568cedf26efe815ab0"
url = "https://github.com/bonisoft3/mecha/releases/download/v0.7.0/mecha-linux-arm64.tar.gz"
url_api = "https://api.github.com/repos/bonisoft3/mecha/releases/assets/618482221"

[tools."github:bonisoft3/mecha"."platforms.linux-x64"]
checksum = "sha256:b95880f4ff7a217cbed8de021e6f90b9834834d84f5691568cedf26efe815ab0"
url = "https://github.com/bonisoft3/mecha/releases/download/v0.7.0/mecha-linux-x64.tar.gz"
url_api = "https://api.github.com/repos/bonisoft3/mecha/releases/assets/618482229"

[tools."github:bonisoft3/mecha"."platforms.linux-x64-musl"]
checksum = "sha256:b95880f4ff7a217cbed8de021e6f90b9834834d84f5691568cedf26efe815ab0"
url = "https://github.com/bonisoft3/mecha/releases/download/v0.7.0/mecha-linux-x64.tar.gz"
url_api = "https://api.github.com/repos/bonisoft3/mecha/releases/assets/618482229"

[tools."github:bonisoft3/mecha"."platforms.macos-arm64"]
checksum = "sha256:b95880f4ff7a217cbed8de021e6f90b9834834d84f5691568cedf26efe815ab0"
url = "https://github.com/bonisoft3/mecha/releases/download/v0.7.0/mecha-macos-arm64.tar.gz"
url_api = "https://api.github.com/repos/bonisoft3/mecha/releases/assets/618482228"

[tools."github:bonisoft3/mecha"."platforms.macos-x64"]
checksum = "sha256:b95880f4ff7a217cbed8de021e6f90b9834834d84f5691568cedf26efe815ab0"
url = "https://github.com/bonisoft3/mecha/releases/download/v0.7.0/mecha-macos-x64.tar.gz"
url_api = "https://api.github.com/repos/bonisoft3/mecha/releases/assets/618482233"

[tools."github:bonisoft3/mecha"."platforms.windows-x64"]
checksum = "sha256:b95880f4ff7a217cbed8de021e6f90b9834834d84f5691568cedf26efe815ab0"
url = "https://github.com/bonisoft3/mecha/releases/download/v0.7.0/mecha-windows-x64.tar.gz"
url_api = "https://api.github.com/repos/bonisoft3/mecha/releases/assets/618482220"

[[tools."github:bonisoft3/omnishell"]]
version = "0.7.3"
backend = "github:bonisoft3/omnishell"

[tools."github:bonisoft3/omnishell"."platforms.linux-arm64"]
checksum = "sha256:e0127c1651733d771007b5a8fa38a4804eac7ec2c39df95ddec5ca8e5c871e7c"
url = "https://github.com/bonisoft3/omnishell/releases/download/v0.7.3/omnishell-linux-arm64.tar.gz"
url_api = "https://api.github.com/repos/bonisoft3/omnishell/releases/assets/626103949"

[tools."github:bonisoft3/omnishell"."platforms.linux-arm64-musl"]
checksum = "sha256:e0127c1651733d771007b5a8fa38a4804eac7ec2c39df95ddec5ca8e5c871e7c"
url = "https://github.com/bonisoft3/omnishell/releases/download/v0.7.3/omnishell-linux-arm64.tar.gz"
url_api = "https://api.github.com/repos/bonisoft3/omnishell/releases/assets/626103949"

[tools."github:bonisoft3/omnishell"."platforms.linux-x64"]
checksum = "sha256:e0127c1651733d771007b5a8fa38a4804eac7ec2c39df95ddec5ca8e5c871e7c"
url = "https://github.com/bonisoft3/omnishell/releases/download/v0.7.3/omnishell-linux-x64.tar.gz"
url_api = "https://api.github.com/repos/bonisoft3/omnishell/releases/assets/626103948"

[tools."github:bonisoft3/omnishell"."platforms.linux-x64-musl"]
checksum = "sha256:e0127c1651733d771007b5a8fa38a4804eac7ec2c39df95ddec5ca8e5c871e7c"
url = "https://github.com/bonisoft3/omnishell/releases/download/v0.7.3/omnishell-linux-x64.tar.gz"
url_api = "https://api.github.com/repos/bonisoft3/omnishell/releases/assets/626103948"

[tools."github:bonisoft3/omnishell"."platforms.macos-arm64"]
checksum = "sha256:e0127c1651733d771007b5a8fa38a4804eac7ec2c39df95ddec5ca8e5c871e7c"
url = "https://github.com/bonisoft3/omnishell/releases/download/v0.7.3/omnishell-macos-arm64.tar.gz"
url_api = "https://api.github.com/repos/bonisoft3/omnishell/releases/assets/626103951"

[tools."github:bonisoft3/omnishell"."platforms.macos-x64"]
checksum = "sha256:e0127c1651733d771007b5a8fa38a4804eac7ec2c39df95ddec5ca8e5c871e7c"
url = "https://github.com/bonisoft3/omnishell/releases/download/v0.7.3/omnishell-macos-x64.tar.gz"
url_api = "https://api.github.com/repos/bonisoft3/omnishell/releases/assets/626103947"

[tools."github:bonisoft3/omnishell"."platforms.windows-x64"]
checksum = "sha256:e0127c1651733d771007b5a8fa38a4804eac7ec2c39df95ddec5ca8e5c871e7c"
url = "https://github.com/bonisoft3/omnishell/releases/download/v0.7.3/omnishell-windows-x64.tar.gz"
url_api = "https://api.github.com/repos/bonisoft3/omnishell/releases/assets/626103944"

[[tools."github:bonisoft3/pronto"]]
version = "0.9.1"
backend = "github:bonisoft3/pronto"

[tools."github:bonisoft3/pronto"."platforms.linux-arm64"]
checksum = "sha256:461430de87fb45948b7161711bd363440764ac31328cb7c3027dff6bd8597609"
url = "https://github.com/bonisoft3/pronto/releases/download/v0.9.1/pronto-linux-arm64.tar.gz"
url_api = "https://api.github.com/repos/bonisoft3/pronto/releases/assets/626308157"

[tools."github:bonisoft3/pronto"."platforms.linux-arm64-musl"]
checksum = "sha256:461430de87fb45948b7161711bd363440764ac31328cb7c3027dff6bd8597609"
url = "https://github.com/bonisoft3/pronto/releases/download/v0.9.1/pronto-linux-arm64.tar.gz"
url_api = "https://api.github.com/repos/bonisoft3/pronto/releases/assets/626308157"

[tools."github:bonisoft3/pronto"."platforms.linux-x64"]
checksum = "sha256:461430de87fb45948b7161711bd363440764ac31328cb7c3027dff6bd8597609"
url = "https://github.com/bonisoft3/pronto/releases/download/v0.9.1/pronto-linux-x64.tar.gz"
url_api = "https://api.github.com/repos/bonisoft3/pronto/releases/assets/626308153"

[tools."github:bonisoft3/pronto"."platforms.linux-x64-musl"]
checksum = "sha256:461430de87fb45948b7161711bd363440764ac31328cb7c3027dff6bd8597609"
url = "https://github.com/bonisoft3/pronto/releases/download/v0.9.1/pronto-linux-x64.tar.gz"
url_api = "https://api.github.com/repos/bonisoft3/pronto/releases/assets/626308153"

[tools."github:bonisoft3/pronto"."platforms.macos-arm64"]
checksum = "sha256:461430de87fb45948b7161711bd363440764ac31328cb7c3027dff6bd8597609"
url = "https://github.com/bonisoft3/pronto/releases/download/v0.9.1/pronto-macos-arm64.tar.gz"
url_api = "https://api.github.com/repos/bonisoft3/pronto/releases/assets/626308151"

[tools."github:bonisoft3/pronto"."platforms.macos-x64"]
checksum = "sha256:461430de87fb45948b7161711bd363440764ac31328cb7c3027dff6bd8597609"
url = "https://github.com/bonisoft3/pronto/releases/download/v0.9.1/pronto-macos-x64.tar.gz"
url_api = "https://api.github.com/repos/bonisoft3/pronto/releases/assets/626308149"

[tools."github:bonisoft3/pronto"."platforms.windows-x64"]
checksum = "sha256:461430de87fb45948b7161711bd363440764ac31328cb7c3027dff6bd8597609"
url = "https://github.com/bonisoft3/pronto/releases/download/v0.9.1/pronto-windows-x64.tar.gz"
url_api = "https://api.github.com/repos/bonisoft3/pronto/releases/assets/626308148"

[[tools."github:bonisoft3/sayt"]]
version = "0.42.2"
backend = "github:bonisoft3/sayt"

[tools."github:bonisoft3/sayt"."platforms.linux-arm64"]
checksum = "sha256:7fe9a5b832ebc97023c7cf597e58070b4f8be6b10cb576a9716eb08dbe9f07c3"
url = "https://github.com/bonisoft3/sayt/releases/download/v0.42.2/sayt-linux-arm64.tar.gz"
url_api = "https://api.github.com/repos/bonisoft3/sayt/releases/assets/615124234"

[tools."github:bonisoft3/sayt"."platforms.linux-arm64-musl"]
checksum = "sha256:7fe9a5b832ebc97023c7cf597e58070b4f8be6b10cb576a9716eb08dbe9f07c3"
url = "https://github.com/bonisoft3/sayt/releases/download/v0.42.2/sayt-linux-arm64.tar.gz"
url_api = "https://api.github.com/repos/bonisoft3/sayt/releases/assets/615124234"

[tools."github:bonisoft3/sayt"."platforms.linux-x64"]
checksum = "sha256:19aa5f16adc11478a7653c47847eda459331bee85c570c6e997ca88717a82f63"
url = "https://github.com/bonisoft3/sayt/releases/download/v0.42.2/sayt-linux-x64.tar.gz"
url_api = "https://api.github.com/repos/bonisoft3/sayt/releases/assets/615124155"

[tools."github:bonisoft3/sayt"."platforms.linux-x64-musl"]
checksum = "sha256:19aa5f16adc11478a7653c47847eda459331bee85c570c6e997ca88717a82f63"
url = "https://github.com/bonisoft3/sayt/releases/download/v0.42.2/sayt-linux-x64.tar.gz"
url_api = "https://api.github.com/repos/bonisoft3/sayt/releases/assets/615124155"

[tools."github:bonisoft3/sayt"."platforms.macos-arm64"]
checksum = "sha256:673e30d1caa72651bb1b807222f534742a05eb0dc4908fabf97e264b054d9ec0"
url = "https://github.com/bonisoft3/sayt/releases/download/v0.42.2/sayt-macos-arm64.tar.gz"
url_api = "https://api.github.com/repos/bonisoft3/sayt/releases/assets/615124273"

[tools."github:bonisoft3/sayt"."platforms.macos-x64"]
checksum = "sha256:8ce80c166a06eb7a58f38a36aa9a18b0fdff76fb30fd58a3ff3e3c753e35ff0d"
url = "https://github.com/bonisoft3/sayt/releases/download/v0.42.2/sayt-macos-x64.tar.gz"
url_api = "https://api.github.com/repos/bonisoft3/sayt/releases/assets/615124154"

[tools."github:bonisoft3/sayt"."platforms.windows-x64"]
checksum = "sha256:3d41aa263bee1adf340995b8a05781dc8e4d01831495a9efb1cf5ade1c83228d"
url = "https://github.com/bonisoft3/sayt/releases/download/v0.42.2/sayt-windows-x64.zip"
url_api = "https://api.github.com/repos/bonisoft3/sayt/releases/assets/615124276"

[[tools."github:bufbuild/buf"]]
version = "1.73.0"
backend = "github:bufbuild/buf"

[tools."github:bufbuild/buf"."platforms.linux-arm64"]
checksum = "sha256:e928fa64061ddb5144d93df30fe48f3451231b0e77ea5ade684cb7b53037cc66"
url = "https://github.com/bufbuild/buf/releases/download/v1.73.0/buf-Linux-aarch64.tar.gz"
url_api = "https://api.github.com/repos/bufbuild/buf/releases/assets/557280183"

[tools."github:bufbuild/buf"."platforms.linux-arm64-musl"]
checksum = "sha256:e928fa64061ddb5144d93df30fe48f3451231b0e77ea5ade684cb7b53037cc66"
url = "https://github.com/bufbuild/buf/releases/download/v1.73.0/buf-Linux-aarch64.tar.gz"
url_api = "https://api.github.com/repos/bufbuild/buf/releases/assets/557280183"

[tools."github:bufbuild/buf"."platforms.linux-x64"]
checksum = "sha256:f8092c1be08d5606a8d22b4ae0e4079dd690154cebb4894dc5e24a5046093aff"
url = "https://github.com/bufbuild/buf/releases/download/v1.73.0/buf-Linux-x86_64.tar.gz"
url_api = "https://api.github.com/repos/bufbuild/buf/releases/assets/557280270"

[tools."github:bufbuild/buf"."platforms.linux-x64-musl"]
checksum = "sha256:f8092c1be08d5606a8d22b4ae0e4079dd690154cebb4894dc5e24a5046093aff"
url = "https://github.com/bufbuild/buf/releases/download/v1.73.0/buf-Linux-x86_64.tar.gz"
url_api = "https://api.github.com/repos/bufbuild/buf/releases/assets/557280270"

[tools."github:bufbuild/buf"."platforms.macos-arm64"]
checksum = "sha256:7eb1b167b729815b470e88d85cc1dbcb5d16bfbe73af248c9ed20cfbc4de060b"
url = "https://github.com/bufbuild/buf/releases/download/v1.73.0/buf-Darwin-arm64.tar.gz"
url_api = "https://api.github.com/repos/bufbuild/buf/releases/assets/557280123"

[tools."github:bufbuild/buf"."platforms.macos-x64"]
checksum = "sha256:12ededc2a5b55eee89be6f35b5f290938eb4c710109d47746d29fb5fc6c4d66c"
url = "https://github.com/bufbuild/buf/releases/download/v1.73.0/buf-Darwin-x86_64.tar.gz"
url_api = "https://api.github.com/repos/bufbuild/buf/releases/assets/557280115"

[tools."github:bufbuild/buf"."platforms.windows-x64"]
checksum = "sha256:19afc9b22569c7c528c278eb5f3d6706581e1ba9b232f420e0d91ae246762566"
url = "https://github.com/bufbuild/buf/releases/download/v1.73.0/buf-Windows-x86_64.zip"
url_api = "https://api.github.com/repos/bufbuild/buf/releases/assets/557280369"

[[tools."github:caddyserver/caddy"]]
version = "2.10.0"
backend = "github:caddyserver/caddy"

[tools."github:caddyserver/caddy"."platforms.linux-arm64"]
url = "https://github.com/caddyserver/caddy/releases/download/v2.10.0/caddy_2.10.0_linux_arm64.tar.gz"
url_api = "https://api.github.com/repos/caddyserver/caddy/releases/assets/247559242"

[tools."github:caddyserver/caddy"."platforms.linux-arm64-musl"]
url = "https://github.com/caddyserver/caddy/releases/download/v2.10.0/caddy_2.10.0_linux_arm64.tar.gz"
url_api = "https://api.github.com/repos/caddyserver/caddy/releases/assets/247559242"

[tools."github:caddyserver/caddy"."platforms.linux-x64"]
url = "https://github.com/caddyserver/caddy/releases/download/v2.10.0/caddy_2.10.0_linux_amd64.tar.gz"
url_api = "https://api.github.com/repos/caddyserver/caddy/releases/assets/247559237"

[tools."github:caddyserver/caddy"."platforms.linux-x64-musl"]
url = "https://github.com/caddyserver/caddy/releases/download/v2.10.0/caddy_2.10.0_linux_amd64.tar.gz"
url_api = "https://api.github.com/repos/caddyserver/caddy/releases/assets/247559237"

[tools."github:caddyserver/caddy"."platforms.macos-arm64"]
url = "https://github.com/caddyserver/caddy/releases/download/v2.10.0/caddy_2.10.0_mac_arm64.tar.gz"
url_api = "https://api.github.com/repos/caddyserver/caddy/releases/assets/247559252"

[tools."github:caddyserver/caddy"."platforms.macos-x64"]
url = "https://github.com/caddyserver/caddy/releases/download/v2.10.0/caddy_2.10.0_mac_amd64.tar.gz"
url_api = "https://api.github.com/repos/caddyserver/caddy/releases/assets/247559229"

[tools."github:caddyserver/caddy"."platforms.windows-x64"]
url = "https://github.com/caddyserver/caddy/releases/download/v2.10.0/caddy_2.10.0_windows_amd64.zip"
url_api = "https://api.github.com/repos/caddyserver/caddy/releases/assets/247559247"

[[tools."github:cue-lang/cue"]]
version = "0.16.1"
backend = "github:cue-lang/cue"

[tools."github:cue-lang/cue"."platforms.linux-arm64"]
checksum = "sha256:3cc715a9e969f87b93c4fa34cfaef5388b93e96efa20b248e8ad6826abd25a83"
url = "https://github.com/cue-lang/cue/releases/download/v0.16.1/cue_v0.16.1_linux_arm64.tar.gz"
url_api = "https://api.github.com/repos/cue-lang/cue/releases/assets/391635253"

[tools."github:cue-lang/cue"."platforms.linux-arm64-musl"]
checksum = "sha256:3cc715a9e969f87b93c4fa34cfaef5388b93e96efa20b248e8ad6826abd25a83"
url = "https://github.com/cue-lang/cue/releases/download/v0.16.1/cue_v0.16.1_linux_arm64.tar.gz"
url_api = "https://api.github.com/repos/cue-lang/cue/releases/assets/391635253"

[tools."github:cue-lang/cue"."platforms.linux-x64"]
checksum = "sha256:5d644c1305a2b86504c8dcd2ec829cf5b4999efc2cf51ee375624e0455f774ae"
url = "https://github.com/cue-lang/cue/releases/download/v0.16.1/cue_v0.16.1_linux_amd64.tar.gz"
url_api = "https://api.github.com/repos/cue-lang/cue/releases/assets/391635258"

[tools."github:cue-lang/cue"."platforms.linux-x64-musl"]
checksum = "sha256:5d644c1305a2b86504c8dcd2ec829cf5b4999efc2cf51ee375624e0455f774ae"
url = "https://github.com/cue-lang/cue/releases/download/v0.16.1/cue_v0.16.1_linux_amd64.tar.gz"
url_api = "https://api.github.com/repos/cue-lang/cue/releases/assets/391635258"

[tools."github:cue-lang/cue"."platforms.macos-arm64"]
checksum = "sha256:a72b0cddb377c52d1b003bed9a335d893b70cd75a182cd5e3fee8bae30ddb6d6"
url = "https://github.com/cue-lang/cue/releases/download/v0.16.1/cue_v0.16.1_darwin_arm64.tar.gz"
url_api = "https://api.github.com/repos/cue-lang/cue/releases/assets/391635257"

[tools."github:cue-lang/cue"."platforms.macos-x64"]
checksum = "sha256:97b0d78e4c5ee49ff72145fd6ef4f4bab0bb332d55f29660de3fec2af5ec96a9"
url = "https://github.com/cue-lang/cue/releases/download/v0.16.1/cue_v0.16.1_darwin_amd64.tar.gz"
url_api = "https://api.github.com/repos/cue-lang/cue/releases/assets/391635256"

[tools."github:cue-lang/cue"."platforms.windows-x64"]
checksum = "sha256:2f24123f458229fcf283db534bd86692ad1074da806defee0f0cc62976c0397c"
url = "https://github.com/cue-lang/cue/releases/download/v0.16.1/cue_v0.16.1_windows_amd64.zip"
url_api = "https://api.github.com/repos/cue-lang/cue/releases/assets/391635255"

[[tools."github:denoland/deno"]]
version = "2.9.7"
backend = "github:denoland/deno"

[tools."github:denoland/deno"."platforms.linux-arm64"]
checksum = "sha256:c832298b1ad4422481334855f6003e0f54145762c5a134f20a489511d2f65bbf"
url = "https://github.com/denoland/deno/releases/download/v2.9.7/deno-aarch64-unknown-linux-gnu.zip"
url_api = "https://api.github.com/repos/denoland/deno/releases/assets/568418344"

[tools."github:denoland/deno"."platforms.linux-arm64-musl"]
checksum = "sha256:c832298b1ad4422481334855f6003e0f54145762c5a134f20a489511d2f65bbf"
url = "https://github.com/denoland/deno/releases/download/v2.9.7/deno-aarch64-unknown-linux-gnu.zip"
url_api = "https://api.github.com/repos/denoland/deno/releases/assets/568418344"

[tools."github:denoland/deno"."platforms.linux-x64"]
checksum = "sha256:c6527f24f4b16031d3ae4fa9f658d5f11534c8d84ce7dc8502420280919c3490"
url = "https://github.com/denoland/deno/releases/download/v2.9.7/deno-x86_64-unknown-linux-gnu.zip"
url_api = "https://api.github.com/repos/denoland/deno/releases/assets/568461950"

[tools."github:denoland/deno"."platforms.linux-x64-musl"]
checksum = "sha256:c6527f24f4b16031d3ae4fa9f658d5f11534c8d84ce7dc8502420280919c3490"
url = "https://github.com/denoland/deno/releases/download/v2.9.7/deno-x86_64-unknown-linux-gnu.zip"
url_api = "https://api.github.com/repos/denoland/deno/releases/assets/568461950"

[tools."github:denoland/deno"."platforms.macos-arm64"]
checksum = "sha256:5cd46d6268f6f78f5d88bdc7159d20bd44cdaa4b3303474839f87ec6fe7ae25c"
url = "https://github.com/denoland/deno/releases/download/v2.9.7/deno-aarch64-apple-darwin.zip"
url_api = "https://api.github.com/repos/denoland/deno/releases/assets/568561366"

[tools."github:denoland/deno"."platforms.macos-x64"]
checksum = "sha256:95daaff11c116a52ad54785e7914c8e9c9cdcaba793c5ed929c74ca2d8e6259a"
url = "https://github.com/denoland/deno/releases/download/v2.9.7/deno-x86_64-apple-darwin.zip"
url_api = "https://api.github.com/repos/denoland/deno/releases/assets/568516488"

[tools."github:denoland/deno"."platforms.windows-x64"]
checksum = "sha256:a0c3101b4158d1dfb7d6a78a7bf0f3de80c96bb423c152beec8beb22786f2238"
url = "https://github.com/denoland/deno/releases/download/v2.9.7/deno-x86_64-pc-windows-msvc.zip"
url_api = "https://api.github.com/repos/denoland/deno/releases/assets/568431369"

[[tools."github:redpanda-data/connect"]]
version = "4.112.0"
backend = "github:redpanda-data/connect"

[tools."github:redpanda-data/connect"."platforms.linux-arm64"]
checksum = "sha256:d8145ba1a85a6eda9511545637d10ea35c66cec004fedcb3ea5dc81fc240d45c"
url = "https://github.com/redpanda-data/connect/releases/download/v4.112.0/redpanda-connect_4.112.0_linux_arm64.tar.gz"
url_api = "https://api.github.com/repos/redpanda-data/connect/releases/assets/605206911"

[tools."github:redpanda-data/connect"."platforms.linux-arm64-musl"]
checksum = "sha256:d8145ba1a85a6eda9511545637d10ea35c66cec004fedcb3ea5dc81fc240d45c"
url = "https://github.com/redpanda-data/connect/releases/download/v4.112.0/redpanda-connect_4.112.0_linux_arm64.tar.gz"
url_api = "https://api.github.com/repos/redpanda-data/connect/releases/assets/605206911"

[tools."github:redpanda-data/connect"."platforms.linux-x64"]
checksum = "sha256:d7615f24ecacedaee88cd41583e9895bc936df57f230d2ae5383c03a81e10d26"
url = "https://github.com/redpanda-data/connect/releases/download/v4.112.0/redpanda-connect_4.112.0_linux_amd64.tar.gz"
url_api = "https://api.github.com/repos/redpanda-data/connect/releases/assets/605206921"

[tools."github:redpanda-data/connect"."platforms.linux-x64-musl"]
checksum = "sha256:d7615f24ecacedaee88cd41583e9895bc936df57f230d2ae5383c03a81e10d26"
url = "https://github.com/redpanda-data/connect/releases/download/v4.112.0/redpanda-connect_4.112.0_linux_amd64.tar.gz"
url_api = "https://api.github.com/repos/redpanda-data/connect/releases/assets/605206921"

[tools."github:redpanda-data/connect"."platforms.macos-arm64"]
checksum = "sha256:fca5aca68cb83f9d98b3703c2e691f6f8605c4db6b1d517c6efd6e31050a2585"
url = "https://github.com/redpanda-data/connect/releases/download/v4.112.0/redpanda-connect_4.112.0_darwin_arm64.tar.gz"
url_api = "https://api.github.com/repos/redpanda-data/connect/releases/assets/605206902"

[tools."github:redpanda-data/connect"."platforms.macos-x64"]
checksum = "sha256:6069f8065a5f2e30f2b7ea9602e61be42e3d098b4d3fbfac74158f84a977fa2b"
url = "https://github.com/redpanda-data/connect/releases/download/v4.112.0/redpanda-connect_4.112.0_darwin_amd64.tar.gz"
url_api = "https://api.github.com/repos/redpanda-data/connect/releases/assets/605206924"

[tools."github:redpanda-data/connect"."platforms.windows-x64"]
checksum = "sha256:c875c91187b47240d6d7cc3175e2e10f40364a20797794cc3e58e899dfbcb42d"
url = "https://github.com/redpanda-data/connect/releases/download/v4.112.0/redpanda-connect_4.112.0_windows_amd64.tar.gz"
url_api = "https://api.github.com/repos/redpanda-data/connect/releases/assets/605206916"

[[tools."github:sbdchd/squawk"]]
version = "2.66.0"
backend = "github:sbdchd/squawk"

[tools."github:sbdchd/squawk"."platforms.linux-arm64"]
checksum = "sha256:04455267bb895de1568dc24e52eb062b311096ad614c3e15a77cf8a7b3483c2a"
url = "https://github.com/sbdchd/squawk/releases/download/v2.66.0/squawk-linux-arm64"
url_api = "https://api.github.com/repos/sbdchd/squawk/releases/assets/583898462"

[tools."github:sbdchd/squawk"."platforms.linux-arm64-musl"]
checksum = "sha256:59e83fedf6993db755e1574285620268b799b51232204aff6cb99413ab53e9f2"
url = "https://github.com/sbdchd/squawk/releases/download/v2.66.0/squawk-linux-musl-arm64"
url_api = "https://api.github.com/repos/sbdchd/squawk/releases/assets/583898784"

[tools."github:sbdchd/squawk"."platforms.linux-x64"]
checksum = "sha256:e7965f8146b53cfa7a4625ceecfea5c6aeb35add39132210aa60b11ae180b9f4"
url = "https://github.com/sbdchd/squawk/releases/download/v2.66.0/squawk-linux-x64"
url_api = "https://api.github.com/repos/sbdchd/squawk/releases/assets/583897339"

[tools."github:sbdchd/squawk"."platforms.linux-x64-musl"]
checksum = "sha256:e403ec140fbd15d653763ed0e271a76ae512ad6f523f1b3168f134fdfe92c1dd"
url = "https://github.com/sbdchd/squawk/releases/download/v2.66.0/squawk-linux-musl-x64"
url_api = "https://api.github.com/repos/sbdchd/squawk/releases/assets/583891531"

[tools."github:sbdchd/squawk"."platforms.macos-arm64"]
checksum = "sha256:d273f3a234b81b8d540b2cdf1b07ed84f719a3ab11b47d6f3efe96baaf21b40b"
url = "https://github.com/sbdchd/squawk/releases/download/v2.66.0/squawk-darwin-arm64"
url_api = "https://api.github.com/repos/sbdchd/squawk/releases/assets/583896027"

[tools."github:sbdchd/squawk"."platforms.macos-x64"]
checksum = "sha256:e361365762a6bf11abbef746d29ff46ac0b4feba43df2f0570595f06c67d7daf"
url = "https://github.com/sbdchd/squawk/releases/download/v2.66.0/squawk-darwin-x64"
url_api = "https://api.github.com/repos/sbdchd/squawk/releases/assets/583894708"

[tools."github:sbdchd/squawk"."platforms.windows-x64"]
checksum = "sha256:36824c446ba3348c4037a33f9ab10427de03d553ea67b482ac3a098248203dc2"
url = "https://github.com/sbdchd/squawk/releases/download/v2.66.0/squawk-windows-x64.exe"
url_api = "https://api.github.com/repos/sbdchd/squawk/releases/assets/583892127"

[[tools."http:duckdb"]]
version = "1.5.5"
backend = "http:duckdb"

[tools."http:duckdb"."platforms.linux-arm64"]
checksum = "blake3:2ec12466e06a0ff8da4728e5ab05b7e2a83fcae92388c06e305d57fd901f6e28"
url = "https://github.com/duckdb/duckdb/releases/download/v1.5.5/duckdb_cli-linux-arm64.zip"

[tools."http:duckdb"."platforms.linux-arm64-musl"]
url = "https://github.com/duckdb/duckdb/releases/download/v1.5.5/duckdb_cli-linux-arm64.zip"

[tools."http:duckdb"."platforms.linux-x64"]
checksum = "blake3:2e647c2cc552cdb0fb3d078dcc3b60fa30f6f2b4a3b5db06e4d1ada20e44b484"
url = "https://github.com/duckdb/duckdb/releases/download/v1.5.5/duckdb_cli-linux-amd64.zip"

[tools."http:duckdb"."platforms.linux-x64-musl"]
url = "https://github.com/duckdb/duckdb/releases/download/v1.5.5/duckdb_cli-linux-amd64.zip"

[tools."http:duckdb"."platforms.macos-arm64"]
checksum = "blake3:584f28088b6f94d624d57df0a8a996763a2181cfb5b67ce0fae6a30c690071c5"
url = "https://github.com/duckdb/duckdb/releases/download/v1.5.5/duckdb_cli-osx-arm64.zip"

[tools."http:duckdb"."platforms.macos-x64"]
checksum = "blake3:6b1c3170833fd8677190914668a15ff9b056a48c3213552b3338a51c014f25d4"
url = "https://github.com/duckdb/duckdb/releases/download/v1.5.5/duckdb_cli-osx-amd64.zip"

[tools."http:duckdb"."platforms.windows-x64"]
checksum = "blake3:1e2c2d61c169427994a673193978d79b66c38862b362390b15d277044e67f225"
url = "https://github.com/duckdb/duckdb/releases/download/v1.5.5/duckdb_cli-windows-amd64.zip"
