{
  "version": "5",
  "specifiers": {
    "jsr:@std/assert@1": "1.0.19",
    "jsr:@std/assert@^1.0.19": "1.0.19",
    "jsr:@std/expect@1": "1.0.20",
    "jsr:@std/internal@^1.0.12": "1.0.14",
    "jsr:@std/internal@^1.0.14": "1.0.14",
    "jsr:@std/path@^1.1.6": "1.1.6",
    "jsr:@std/testing@1": "1.0.21",
    "jsr:@std/yaml@1.0.5": "1.0.5",
    "npm:@xstate/graph@3.0.4": "3.0.4_xstate@5.32.6",
    "npm:fake-indexeddb@6.2.5": "6.2.5",
    "npm:linkedom@0.18.4": "0.18.4",
    "npm:playwright@1.61.1": "1.61.1",
    "npm:xstate@5.32.6": "5.32.6"
  },
  "jsr": {
    "@std/assert@1.0.19": {
      "integrity": "eaada96ee120cb980bc47e040f82814d786fe8162ecc53c91d8df60b8755991e",
      "dependencies": [
        "jsr:@std/internal@^1.0.12"
      ]
    },
    "@std/expect@1.0.20": {
      "integrity": "ffc4f3c33f732417e3e9acf3d995818c89984313c37d933b9ebbb4571d2887e9",
      "dependencies": [
        "jsr:@std/assert@^1.0.19",
        "jsr:@std/internal@^1.0.14",
        "jsr:@std/path"
      ]
    },
    "@std/internal@1.0.14": {
      "integrity": "291516b3d4c35024d6ffbc0a9df5bf4c64116e05b50012cf846710152d2ffdf7"
    },
    "@std/path@1.1.6": {
      "integrity": "c68485c2a4dfbb5ae3cc74fae4e8c4e5d874cf8a8ed12927917235c758b46cbe",
      "dependencies": [
        "jsr:@std/internal@^1.0.14"
      ]
    },
    "@std/testing@1.0.21": {
      "integrity": "a0d14b2519005242821565091127c7d6fa96ca1b330e84e9249afcd602ee764f",
      "dependencies": [
        "jsr:@std/assert@^1.0.19",
        "jsr:@std/internal@^1.0.14"
      ]
    },
    "@std/yaml@1.0.5": {
      "integrity": "71ba3d334305ee2149391931508b2c293a8490f94a337eef3a09cade1a2a2742"
    }
  },
  "npm": {
    "@xstate/graph@3.0.4_xstate@5.32.6": {
      "integrity": "sha512-b12RA7E//+7FJVrD09Td+BhHRJbeKZnK+98xXBd+JmccG360xVP1lyzVhUZPgBgwPdmIGBJqhKzmWYJQ9c8ojQ==",
      "dependencies": [
        "xstate"
      ]
    },
    "boolbase@1.0.0": {
      "integrity": "sha512-JZOSA7Mo9sNGB8+UjSgzdLtokWAky1zbztM3WRLCbZ70/3cTANmQmOdR7y2g+J0e2WXywy1yS468tY+IruqEww=="
    },
    "css-select@5.2.2": {
      "integrity": "sha512-TizTzUddG/xYLA3NXodFM0fSbNizXjOKhqiQQwvhlspadZokn1KDy0NZFS0wuEubIYAV5/c1/lAr0TaaFXEXzw==",
      "dependencies": [
        "boolbase",
        "css-what",
        "domhandler",
        "domutils",
        "nth-check"
      ]
    },
    "css-what@6.2.2": {
      "integrity": "sha512-u/O3vwbptzhMs3L1fQE82ZSLHQQfto5gyZzwteVIEyeaY5Fc7R4dapF/BvRoSYFeqfBk4m0V1Vafq5Pjv25wvA=="
    },
    "cssom@0.5.0": {
      "integrity": "sha512-iKuQcq+NdHqlAcwUY0o/HL69XQrUaQdMjmStJ8JFmUaiiQErlhrmuigkg/CU4E2J0IyUKUrMAgl36TvN67MqTw=="
    },
    "dom-serializer@2.0.0": {
      "integrity": "sha512-wIkAryiqt/nV5EQKqQpo3SToSOV9J0DnbJqwK7Wv/Trc92zIAYZ4FlMu+JPFW1DfGFt81ZTCGgDEabffXeLyJg==",
      "dependencies": [
        "domelementtype",
        "domhandler",
        "entities"
      ]
    },
    "domelementtype@2.3.0": {
      "integrity": "sha512-OLETBj6w0OsagBwdXnPdN0cnMfF9opN69co+7ZrbfPGrdpPVNBUj02spi6B1N7wChLQiPn4CSH/zJvXw56gmHw=="
    },
    "domhandler@5.0.3": {
      "integrity": "sha512-cgwlv/1iFQiFnU96XXgROh8xTeetsnJiDsTc7TYCLFd9+/WNkIqPTxiM/8pSd8VIrhXGTf1Ny1q1hquVqDJB5w==",
      "dependencies": [
        "domelementtype"
      ]
    },
    "domutils@3.2.2": {
      "integrity": "sha512-6kZKyUajlDuqlHKVX1w7gyslj9MPIXzIFiz/rGu35uC1wMi+kMhQwGhl4lt9unC9Vb9INnY9Z3/ZA3+FhASLaw==",
      "dependencies": [
        "dom-serializer",
        "domelementtype",
        "domhandler"
      ]
    },
    "entities@4.5.0": {
      "integrity": "sha512-V0hjH4dGPh9Ao5p0MoRY6BVqtwCjhz6vI5LT8AJ55H+4g9/4vbHx1I54fS0XuclLhDHArPQCiMjDxjaL8fPxhw=="
    },
    "fake-indexeddb@6.2.5": {
      "integrity": "sha512-CGnyrvbhPlWYMngksqrSSUT1BAVP49dZocrHuK0SvtR0D5TMs5wP0o3j7jexDJW01KSadjBp1M/71o/KR3nD1w=="
    },
    "fsevents@2.3.2": {
      "integrity": "sha512-xiqMQR4xAeHTuB9uWm+fFRcIOgKBMiOBP+eXiyT7jsgVCq1bkVygt00oASowB7EdtpOHaaPgKt812P9ab+DDKA==",
      "os": ["darwin"],
      "scripts": true
    },
    "html-escaper@3.0.3": {
      "integrity": "sha512-RuMffC89BOWQoY0WKGpIhn5gX3iI54O6nRA0yC124NYVtzjmFWBIiFd8M0x+ZdX0P9R4lADg1mgP8C7PxGOWuQ=="
    },
    "htmlparser2@9.1.0": {
      "integrity": "sha512-5zfg6mHUoaer/97TxnGpxmbR7zJtPwIYFMZ/H5ucTlPZhKvtum05yiPK3Mgai3a0DyVxv7qYqoweaEd2nrYQzQ==",
      "dependencies": [
        "domelementtype",
        "domhandler",
        "domutils",
        "entities"
      ]
    },
    "linkedom@0.18.4": {
      "integrity": "sha512-JhLErxMIEOKByMi3fURXgI1fYOzR87L1Cn0+MI9GlMckFrqFZpV1SUGox1jcKtsKN3y6JgclcQf0FzZT//BuGw==",
      "dependencies": [
        "css-select",
        "cssom",
        "html-escaper",
        "htmlparser2",
        "uhyphen"
      ]
    },
    "nth-check@2.1.1": {
      "integrity": "sha512-lqjrjmaOoAnWfMmBPL+XNnynZh2+swxiX3WUE0s4yEHI6m+AwrK2UZOimIRl3X/4QctVqS8AiZjFqyOGrMXb/w==",
      "dependencies": [
        "boolbase"
      ]
    },
    "playwright-core@1.61.1": {
      "integrity": "sha512-h7Qlt6m4REp25qvIdvbDtVmD4LqVXfpRxhORv9L0jzETM05p4fuPJ3dKyuSXQxDSbXnmS79HAgi9589lGSpLkg==",
      "bin": true
    },
    "playwright@1.61.1": {
      "integrity": "sha512-DWnY5o3YbLWK4GovuAVwpqL+1VwGNdUGrRr++8j8PtQQzvAVZUIMjKQ90fY689sEJZJBbZVw1rXaOKSTitkzPQ==",
      "dependencies": [
        "playwright-core"
      ],
      "optionalDependencies": [
        "fsevents"
      ],
      "bin": true
    },
    "uhyphen@0.2.0": {
      "integrity": "sha512-qz3o9CHXmJJPGBdqzab7qAYuW8kQGKNEuoHFYrBwV6hWIMcpAmxDLXojcHfFr9US1Pe6zUswEIJIbLI610fuqA=="
    },
    "xstate@5.32.6": {
      "integrity": "sha512-WfA8WNrh6r9osuGwVm+aIPM4jmMW2LKHV1Yv9thYpOtL4HVF/kobh95K/O8v2jDCpDmP2EoY+6uvuqHXCZ6ZLw=="
    }
  },
  "remote": {
    "https://cdn.jsdelivr.net/npm/ses@1.15.0/dist/ses.umd.min.js": "d6a22c7c6dea2a8e9b1ea8613e649c8ae58aec86ad677a7118fdf0e19678a468"
  },
  "workspace": {
    "dependencies": [
      "npm:linkedom@0.18.4"
    ]
  }
}
