# @generated - this file is auto-generated by `mise lock` https://mise.en.dev/dev-tools/mise-lock.html

[[tools."github:bufbuild/buf"]]
version = "1.66.1"
backend = "github:bufbuild/buf"

[tools."github:bufbuild/buf"."platforms.linux-arm64"]
checksum = "sha256:157806788e82216d4ea6010a9d21e61130225d0d61c37904a4fad675fe446d94"
url = "https://github.com/bufbuild/buf/releases/download/v1.66.1/buf-Linux-aarch64.tar.gz"
url_api = "https://api.github.com/repos/bufbuild/buf/releases/assets/370326725"

[tools."github:bufbuild/buf"."platforms.linux-arm64-musl"]
checksum = "sha256:157806788e82216d4ea6010a9d21e61130225d0d61c37904a4fad675fe446d94"
url = "https://github.com/bufbuild/buf/releases/download/v1.66.1/buf-Linux-aarch64.tar.gz"
url_api = "https://api.github.com/repos/bufbuild/buf/releases/assets/370326725"

[tools."github:bufbuild/buf"."platforms.linux-x64"]
checksum = "sha256:9ad6fcfb208646476f020ee84eaea0563fe94debe9337763d404f267b6d85d03"
url = "https://github.com/bufbuild/buf/releases/download/v1.66.1/buf-Linux-x86_64.tar.gz"
url_api = "https://api.github.com/repos/bufbuild/buf/releases/assets/370326748"

[tools."github:bufbuild/buf"."platforms.linux-x64-baseline"]
checksum = "sha256:9ad6fcfb208646476f020ee84eaea0563fe94debe9337763d404f267b6d85d03"
url = "https://github.com/bufbuild/buf/releases/download/v1.66.1/buf-Linux-x86_64.tar.gz"
url_api = "https://api.github.com/repos/bufbuild/buf/releases/assets/370326748"

[tools."github:bufbuild/buf"."platforms.linux-x64-musl"]
checksum = "sha256:9ad6fcfb208646476f020ee84eaea0563fe94debe9337763d404f267b6d85d03"
url = "https://github.com/bufbuild/buf/releases/download/v1.66.1/buf-Linux-x86_64.tar.gz"
url_api = "https://api.github.com/repos/bufbuild/buf/releases/assets/370326748"

[tools."github:bufbuild/buf"."platforms.linux-x64-musl-baseline"]
checksum = "sha256:9ad6fcfb208646476f020ee84eaea0563fe94debe9337763d404f267b6d85d03"
url = "https://github.com/bufbuild/buf/releases/download/v1.66.1/buf-Linux-x86_64.tar.gz"
url_api = "https://api.github.com/repos/bufbuild/buf/releases/assets/370326748"

[tools."github:bufbuild/buf"."platforms.macos-arm64"]
checksum = "sha256:e5e3a80dc1bc3dd374ecfcbc250c731a05dbb01d382117d3d420bca7875d9977"
url = "https://github.com/bufbuild/buf/releases/download/v1.66.1/buf-Darwin-arm64.tar.gz"
url_api = "https://api.github.com/repos/bufbuild/buf/releases/assets/370326712"

[tools."github:bufbuild/buf"."platforms.macos-x64"]
checksum = "sha256:fd055cd83595039b9d05cf587b5460281b4a7ff0b86f7584cccba17ec1860e88"
url = "https://github.com/bufbuild/buf/releases/download/v1.66.1/buf-Darwin-x86_64.tar.gz"
url_api = "https://api.github.com/repos/bufbuild/buf/releases/assets/370326710"

[tools."github:bufbuild/buf"."platforms.macos-x64-baseline"]
checksum = "sha256:fd055cd83595039b9d05cf587b5460281b4a7ff0b86f7584cccba17ec1860e88"
url = "https://github.com/bufbuild/buf/releases/download/v1.66.1/buf-Darwin-x86_64.tar.gz"
url_api = "https://api.github.com/repos/bufbuild/buf/releases/assets/370326710"

[tools."github:bufbuild/buf"."platforms.windows-x64"]
checksum = "sha256:b4671213dd37e17fb574ccca7c82bef2b84f9df2c1bc933be0ce14aacf56d435"
url = "https://github.com/bufbuild/buf/releases/download/v1.66.1/buf-Windows-x86_64.zip"
url_api = "https://api.github.com/repos/bufbuild/buf/releases/assets/370326773"

[tools."github:bufbuild/buf"."platforms.windows-x64-baseline"]
checksum = "sha256:b4671213dd37e17fb574ccca7c82bef2b84f9df2c1bc933be0ce14aacf56d435"
url = "https://github.com/bufbuild/buf/releases/download/v1.66.1/buf-Windows-x86_64.zip"
url_api = "https://api.github.com/repos/bufbuild/buf/releases/assets/370326773"

[[tools."github:cue-lang/cue"]]
version = "0.16.1"
backend = "github:cue-lang/cue"

[tools."github:cue-lang/cue"."platforms.linux-arm64"]
checksum = "sha256:3cc715a9e969f87b93c4fa34cfaef5388b93e96efa20b248e8ad6826abd25a83"
url = "https://github.com/cue-lang/cue/releases/download/v0.16.1/cue_v0.16.1_linux_arm64.tar.gz"
url_api = "https://api.github.com/repos/cue-lang/cue/releases/assets/391635253"

[tools."github:cue-lang/cue"."platforms.linux-arm64-musl"]
checksum = "sha256:3cc715a9e969f87b93c4fa34cfaef5388b93e96efa20b248e8ad6826abd25a83"
url = "https://github.com/cue-lang/cue/releases/download/v0.16.1/cue_v0.16.1_linux_arm64.tar.gz"
url_api = "https://api.github.com/repos/cue-lang/cue/releases/assets/391635253"

[tools."github:cue-lang/cue"."platforms.linux-x64"]
checksum = "sha256:5d644c1305a2b86504c8dcd2ec829cf5b4999efc2cf51ee375624e0455f774ae"
url = "https://github.com/cue-lang/cue/releases/download/v0.16.1/cue_v0.16.1_linux_amd64.tar.gz"
url_api = "https://api.github.com/repos/cue-lang/cue/releases/assets/391635258"

[tools."github:cue-lang/cue"."platforms.linux-x64-baseline"]
checksum = "sha256:5d644c1305a2b86504c8dcd2ec829cf5b4999efc2cf51ee375624e0455f774ae"
url = "https://github.com/cue-lang/cue/releases/download/v0.16.1/cue_v0.16.1_linux_amd64.tar.gz"
url_api = "https://api.github.com/repos/cue-lang/cue/releases/assets/391635258"

[tools."github:cue-lang/cue"."platforms.linux-x64-musl"]
checksum = "sha256:5d644c1305a2b86504c8dcd2ec829cf5b4999efc2cf51ee375624e0455f774ae"
url = "https://github.com/cue-lang/cue/releases/download/v0.16.1/cue_v0.16.1_linux_amd64.tar.gz"
url_api = "https://api.github.com/repos/cue-lang/cue/releases/assets/391635258"

[tools."github:cue-lang/cue"."platforms.linux-x64-musl-baseline"]
checksum = "sha256:5d644c1305a2b86504c8dcd2ec829cf5b4999efc2cf51ee375624e0455f774ae"
url = "https://github.com/cue-lang/cue/releases/download/v0.16.1/cue_v0.16.1_linux_amd64.tar.gz"
url_api = "https://api.github.com/repos/cue-lang/cue/releases/assets/391635258"

[tools."github:cue-lang/cue"."platforms.macos-arm64"]
checksum = "sha256:a72b0cddb377c52d1b003bed9a335d893b70cd75a182cd5e3fee8bae30ddb6d6"
url = "https://github.com/cue-lang/cue/releases/download/v0.16.1/cue_v0.16.1_darwin_arm64.tar.gz"
url_api = "https://api.github.com/repos/cue-lang/cue/releases/assets/391635257"

[tools."github:cue-lang/cue"."platforms.macos-x64"]
checksum = "sha256:97b0d78e4c5ee49ff72145fd6ef4f4bab0bb332d55f29660de3fec2af5ec96a9"
url = "https://github.com/cue-lang/cue/releases/download/v0.16.1/cue_v0.16.1_darwin_amd64.tar.gz"
url_api = "https://api.github.com/repos/cue-lang/cue/releases/assets/391635256"

[tools."github:cue-lang/cue"."platforms.macos-x64-baseline"]
checksum = "sha256:97b0d78e4c5ee49ff72145fd6ef4f4bab0bb332d55f29660de3fec2af5ec96a9"
url = "https://github.com/cue-lang/cue/releases/download/v0.16.1/cue_v0.16.1_darwin_amd64.tar.gz"
url_api = "https://api.github.com/repos/cue-lang/cue/releases/assets/391635256"

[tools."github:cue-lang/cue"."platforms.windows-x64"]
checksum = "sha256:2f24123f458229fcf283db534bd86692ad1074da806defee0f0cc62976c0397c"
url = "https://github.com/cue-lang/cue/releases/download/v0.16.1/cue_v0.16.1_windows_amd64.zip"
url_api = "https://api.github.com/repos/cue-lang/cue/releases/assets/391635255"

[tools."github:cue-lang/cue"."platforms.windows-x64-baseline"]
checksum = "sha256:2f24123f458229fcf283db534bd86692ad1074da806defee0f0cc62976c0397c"
url = "https://github.com/cue-lang/cue/releases/download/v0.16.1/cue_v0.16.1_windows_amd64.zip"
url_api = "https://api.github.com/repos/cue-lang/cue/releases/assets/391635255"

[[tools."github:dapr/cli"]]
version = "1.17.0"
backend = "github:dapr/cli"

[tools."github:dapr/cli"."platforms.linux-arm64"]
checksum = "sha256:09b1e2fbc1e1c977d16077e04b92070cbae97b4539fd07085fcf3644575faa8c"
url = "https://github.com/dapr/cli/releases/download/v1.17.0/dapr_linux_arm64.tar.gz"
url_api = "https://api.github.com/repos/dapr/cli/releases/assets/363648657"

[tools."github:dapr/cli"."platforms.linux-arm64-musl"]
checksum = "sha256:09b1e2fbc1e1c977d16077e04b92070cbae97b4539fd07085fcf3644575faa8c"
url = "https://github.com/dapr/cli/releases/download/v1.17.0/dapr_linux_arm64.tar.gz"
url_api = "https://api.github.com/repos/dapr/cli/releases/assets/363648657"

[tools."github:dapr/cli"."platforms.linux-x64"]
checksum = "sha256:f6331167e5e51c21fb62121a3e7e244e45fa6922bd266abcc9d8a87ccb658e3b"
url = "https://github.com/dapr/cli/releases/download/v1.17.0/dapr_linux_amd64.tar.gz"
url_api = "https://api.github.com/repos/dapr/cli/releases/assets/363648648"

[tools."github:dapr/cli"."platforms.linux-x64-baseline"]
checksum = "sha256:f6331167e5e51c21fb62121a3e7e244e45fa6922bd266abcc9d8a87ccb658e3b"
url = "https://github.com/dapr/cli/releases/download/v1.17.0/dapr_linux_amd64.tar.gz"
url_api = "https://api.github.com/repos/dapr/cli/releases/assets/363648648"

[tools."github:dapr/cli"."platforms.linux-x64-musl"]
checksum = "sha256:f6331167e5e51c21fb62121a3e7e244e45fa6922bd266abcc9d8a87ccb658e3b"
url = "https://github.com/dapr/cli/releases/download/v1.17.0/dapr_linux_amd64.tar.gz"
url_api = "https://api.github.com/repos/dapr/cli/releases/assets/363648648"

[tools."github:dapr/cli"."platforms.linux-x64-musl-baseline"]
checksum = "sha256:f6331167e5e51c21fb62121a3e7e244e45fa6922bd266abcc9d8a87ccb658e3b"
url = "https://github.com/dapr/cli/releases/download/v1.17.0/dapr_linux_amd64.tar.gz"
url_api = "https://api.github.com/repos/dapr/cli/releases/assets/363648648"

[tools."github:dapr/cli"."platforms.macos-arm64"]
checksum = "sha256:2cd858f97d25990fb749468aa945f09e07605a62578e754a36649f52bf0235a2"
url = "https://github.com/dapr/cli/releases/download/v1.17.0/dapr_darwin_arm64.tar.gz"
url_api = "https://api.github.com/repos/dapr/cli/releases/assets/363648644"

[tools."github:dapr/cli"."platforms.macos-x64"]
checksum = "sha256:b059c37140bc56958e1f9ef2e3c5875c2a8149e157f896939d77a2fa8b25bc02"
url = "https://github.com/dapr/cli/releases/download/v1.17.0/dapr_darwin_amd64.tar.gz"
url_api = "https://api.github.com/repos/dapr/cli/releases/assets/363648637"

[tools."github:dapr/cli"."platforms.macos-x64-baseline"]
checksum = "sha256:b059c37140bc56958e1f9ef2e3c5875c2a8149e157f896939d77a2fa8b25bc02"
url = "https://github.com/dapr/cli/releases/download/v1.17.0/dapr_darwin_amd64.tar.gz"
url_api = "https://api.github.com/repos/dapr/cli/releases/assets/363648637"

[tools."github:dapr/cli"."platforms.windows-x64"]
checksum = "sha256:821b4f984c541d44d164b07d6371dac8a49a2f4dc4adb1ad9ffc63974d6349e9"
url = "https://github.com/dapr/cli/releases/download/v1.17.0/dapr_windows_amd64.zip"
url_api = "https://api.github.com/repos/dapr/cli/releases/assets/363648659"

[tools."github:dapr/cli"."platforms.windows-x64-baseline"]
checksum = "sha256:821b4f984c541d44d164b07d6371dac8a49a2f4dc4adb1ad9ffc63974d6349e9"
url = "https://github.com/dapr/cli/releases/download/v1.17.0/dapr_windows_amd64.zip"
url_api = "https://api.github.com/repos/dapr/cli/releases/assets/363648659"

[[tools."github:dapr/dapr"]]
version = "1.17.3"
backend = "github:dapr/dapr"

[tools."github:dapr/dapr"."platforms.linux-arm64"]
checksum = "sha256:7dd758f08040ee975c2aa577b012f51b01b0bfab2b1ff527666ed23b63e43ae0"
url = "https://github.com/dapr/dapr/releases/download/v1.17.3/daprd_linux_arm64.tar.gz"
url_api = "https://api.github.com/repos/dapr/dapr/releases/assets/382356898"

[tools."github:dapr/dapr"."platforms.linux-arm64-musl"]
checksum = "sha256:7dd758f08040ee975c2aa577b012f51b01b0bfab2b1ff527666ed23b63e43ae0"
url = "https://github.com/dapr/dapr/releases/download/v1.17.3/daprd_linux_arm64.tar.gz"
url_api = "https://api.github.com/repos/dapr/dapr/releases/assets/382356898"

[tools."github:dapr/dapr"."platforms.linux-x64"]
checksum = "sha256:bd54bdd2c4240fa5d52440349e0e7f5991f69b26013fa7f632a0a6a577a3d90a"
url = "https://github.com/dapr/dapr/releases/download/v1.17.3/daprd_linux_amd64.tar.gz"
url_api = "https://api.github.com/repos/dapr/dapr/releases/assets/382356794"

[tools."github:dapr/dapr"."platforms.linux-x64-baseline"]
checksum = "sha256:bd54bdd2c4240fa5d52440349e0e7f5991f69b26013fa7f632a0a6a577a3d90a"
url = "https://github.com/dapr/dapr/releases/download/v1.17.3/daprd_linux_amd64.tar.gz"
url_api = "https://api.github.com/repos/dapr/dapr/releases/assets/382356794"

[tools."github:dapr/dapr"."platforms.linux-x64-musl"]
checksum = "sha256:bd54bdd2c4240fa5d52440349e0e7f5991f69b26013fa7f632a0a6a577a3d90a"
url = "https://github.com/dapr/dapr/releases/download/v1.17.3/daprd_linux_amd64.tar.gz"
url_api = "https://api.github.com/repos/dapr/dapr/releases/assets/382356794"

[tools."github:dapr/dapr"."platforms.linux-x64-musl-baseline"]
checksum = "sha256:bd54bdd2c4240fa5d52440349e0e7f5991f69b26013fa7f632a0a6a577a3d90a"
url = "https://github.com/dapr/dapr/releases/download/v1.17.3/daprd_linux_amd64.tar.gz"
url_api = "https://api.github.com/repos/dapr/dapr/releases/assets/382356794"

[tools."github:dapr/dapr"."platforms.macos-arm64"]
checksum = "sha256:288998e66838ef4466a0abd88c6a962503bf2d6de9cc6eddada58254f80f9b83"
url = "https://github.com/dapr/dapr/releases/download/v1.17.3/daprd_darwin_arm64.tar.gz"
url_api = "https://api.github.com/repos/dapr/dapr/releases/assets/382356739"

[tools."github:dapr/dapr"."platforms.macos-x64"]
checksum = "sha256:b2bcd6b564c3ee3ad31d5c76a46d92b96d93046081b1edaf7c881cfbb7ca0903"
url = "https://github.com/dapr/dapr/releases/download/v1.17.3/daprd_darwin_amd64.tar.gz"
url_api = "https://api.github.com/repos/dapr/dapr/releases/assets/382356726"

[tools."github:dapr/dapr"."platforms.macos-x64-baseline"]
checksum = "sha256:b2bcd6b564c3ee3ad31d5c76a46d92b96d93046081b1edaf7c881cfbb7ca0903"
url = "https://github.com/dapr/dapr/releases/download/v1.17.3/daprd_darwin_amd64.tar.gz"
url_api = "https://api.github.com/repos/dapr/dapr/releases/assets/382356726"

[tools."github:dapr/dapr"."platforms.windows-x64"]
checksum = "sha256:617241b8815c02cb1f07ad6cd18d040e2d80c9d4e2bbc51500336a2f3d1e3f05"
url = "https://github.com/dapr/dapr/releases/download/v1.17.3/daprd_windows_amd64.zip"
url_api = "https://api.github.com/repos/dapr/dapr/releases/assets/382356951"

[tools."github:dapr/dapr"."platforms.windows-x64-baseline"]
checksum = "sha256:617241b8815c02cb1f07ad6cd18d040e2d80c9d4e2bbc51500336a2f3d1e3f05"
url = "https://github.com/dapr/dapr/releases/download/v1.17.3/daprd_windows_amd64.zip"
url_api = "https://api.github.com/repos/dapr/dapr/releases/assets/382356951"

[[tools."github:denoland/deno"]]
version = "2.9.7"
backend = "github:denoland/deno"

[tools."github:denoland/deno"."platforms.linux-arm64"]
checksum = "sha256:c832298b1ad4422481334855f6003e0f54145762c5a134f20a489511d2f65bbf"
url = "https://github.com/denoland/deno/releases/download/v2.9.7/deno-aarch64-unknown-linux-gnu.zip"
url_api = "https://api.github.com/repos/denoland/deno/releases/assets/568418344"

[tools."github:denoland/deno"."platforms.linux-arm64-musl"]
checksum = "sha256:c832298b1ad4422481334855f6003e0f54145762c5a134f20a489511d2f65bbf"
url = "https://github.com/denoland/deno/releases/download/v2.9.7/deno-aarch64-unknown-linux-gnu.zip"
url_api = "https://api.github.com/repos/denoland/deno/releases/assets/568418344"

[tools."github:denoland/deno"."platforms.linux-x64"]
checksum = "sha256:c6527f24f4b16031d3ae4fa9f658d5f11534c8d84ce7dc8502420280919c3490"
url = "https://github.com/denoland/deno/releases/download/v2.9.7/deno-x86_64-unknown-linux-gnu.zip"
url_api = "https://api.github.com/repos/denoland/deno/releases/assets/568461950"

[tools."github:denoland/deno"."platforms.linux-x64-baseline"]
checksum = "sha256:c6527f24f4b16031d3ae4fa9f658d5f11534c8d84ce7dc8502420280919c3490"
url = "https://github.com/denoland/deno/releases/download/v2.9.7/deno-x86_64-unknown-linux-gnu.zip"
url_api = "https://api.github.com/repos/denoland/deno/releases/assets/568461950"

[tools."github:denoland/deno"."platforms.linux-x64-musl"]
checksum = "sha256:c6527f24f4b16031d3ae4fa9f658d5f11534c8d84ce7dc8502420280919c3490"
url = "https://github.com/denoland/deno/releases/download/v2.9.7/deno-x86_64-unknown-linux-gnu.zip"
url_api = "https://api.github.com/repos/denoland/deno/releases/assets/568461950"

[tools."github:denoland/deno"."platforms.linux-x64-musl-baseline"]
checksum = "sha256:c6527f24f4b16031d3ae4fa9f658d5f11534c8d84ce7dc8502420280919c3490"
url = "https://github.com/denoland/deno/releases/download/v2.9.7/deno-x86_64-unknown-linux-gnu.zip"
url_api = "https://api.github.com/repos/denoland/deno/releases/assets/568461950"

[tools."github:denoland/deno"."platforms.macos-arm64"]
checksum = "sha256:5cd46d6268f6f78f5d88bdc7159d20bd44cdaa4b3303474839f87ec6fe7ae25c"
url = "https://github.com/denoland/deno/releases/download/v2.9.7/deno-aarch64-apple-darwin.zip"
url_api = "https://api.github.com/repos/denoland/deno/releases/assets/568561366"

[tools."github:denoland/deno"."platforms.macos-x64"]
checksum = "sha256:95daaff11c116a52ad54785e7914c8e9c9cdcaba793c5ed929c74ca2d8e6259a"
url = "https://github.com/denoland/deno/releases/download/v2.9.7/deno-x86_64-apple-darwin.zip"
url_api = "https://api.github.com/repos/denoland/deno/releases/assets/568516488"

[tools."github:denoland/deno"."platforms.macos-x64-baseline"]
checksum = "sha256:95daaff11c116a52ad54785e7914c8e9c9cdcaba793c5ed929c74ca2d8e6259a"
url = "https://github.com/denoland/deno/releases/download/v2.9.7/deno-x86_64-apple-darwin.zip"
url_api = "https://api.github.com/repos/denoland/deno/releases/assets/568516488"

[tools."github:denoland/deno"."platforms.windows-x64"]
checksum = "sha256:a0c3101b4158d1dfb7d6a78a7bf0f3de80c96bb423c152beec8beb22786f2238"
url = "https://github.com/denoland/deno/releases/download/v2.9.7/deno-x86_64-pc-windows-msvc.zip"
url_api = "https://api.github.com/repos/denoland/deno/releases/assets/568431369"

[tools."github:denoland/deno"."platforms.windows-x64-baseline"]
checksum = "sha256:a0c3101b4158d1dfb7d6a78a7bf0f3de80c96bb423c152beec8beb22786f2238"
url = "https://github.com/denoland/deno/releases/download/v2.9.7/deno-x86_64-pc-windows-msvc.zip"
url_api = "https://api.github.com/repos/denoland/deno/releases/assets/568431369"

[[tools."github:go-task/task"]]
version = "v3.49.1"
backend = "github:go-task/task"

[tools."github:go-task/task"."platforms.linux-arm64"]
checksum = "sha256:aa6732c9c66397c5380ec2b60c070fd599075b2a8538dba03f3a21edc99ab0cb"
url = "https://github.com/go-task/task/releases/download/v3.49.1/task_linux_arm64.tar.gz"
url_api = "https://api.github.com/repos/go-task/task/releases/assets/369609773"

[tools."github:go-task/task"."platforms.linux-arm64-musl"]
checksum = "sha256:aa6732c9c66397c5380ec2b60c070fd599075b2a8538dba03f3a21edc99ab0cb"
url = "https://github.com/go-task/task/releases/download/v3.49.1/task_linux_arm64.tar.gz"
url_api = "https://api.github.com/repos/go-task/task/releases/assets/369609773"

[tools."github:go-task/task"."platforms.linux-x64"]
checksum = "sha256:4e7d24f1bf38218aec8f244eb7ba671f898830f9f87b3c9b30ff1c09e3135576"
url = "https://github.com/go-task/task/releases/download/v3.49.1/task_linux_amd64.tar.gz"
url_api = "https://api.github.com/repos/go-task/task/releases/assets/369609772"

[tools."github:go-task/task"."platforms.linux-x64-baseline"]
checksum = "sha256:4e7d24f1bf38218aec8f244eb7ba671f898830f9f87b3c9b30ff1c09e3135576"
url = "https://github.com/go-task/task/releases/download/v3.49.1/task_linux_amd64.tar.gz"
url_api = "https://api.github.com/repos/go-task/task/releases/assets/369609772"

[tools."github:go-task/task"."platforms.linux-x64-musl"]
checksum = "sha256:4e7d24f1bf38218aec8f244eb7ba671f898830f9f87b3c9b30ff1c09e3135576"
url = "https://github.com/go-task/task/releases/download/v3.49.1/task_linux_amd64.tar.gz"
url_api = "https://api.github.com/repos/go-task/task/releases/assets/369609772"

[tools."github:go-task/task"."platforms.linux-x64-musl-baseline"]
checksum = "sha256:4e7d24f1bf38218aec8f244eb7ba671f898830f9f87b3c9b30ff1c09e3135576"
url = "https://github.com/go-task/task/releases/download/v3.49.1/task_linux_amd64.tar.gz"
url_api = "https://api.github.com/repos/go-task/task/releases/assets/369609772"

[tools."github:go-task/task"."platforms.macos-arm64"]
checksum = "sha256:0f556b66df69d53b790c7fd26bfab73543b4a5ce1767df6b2e8499619e2a205b"
url = "https://github.com/go-task/task/releases/download/v3.49.1/task_darwin_arm64.tar.gz"
url_api = "https://api.github.com/repos/go-task/task/releases/assets/369609792"

[tools."github:go-task/task"."platforms.macos-x64"]
checksum = "sha256:8bc4dd3baed1c71956ade0bb0a9c1b94e3ed7b65e7f2ff3aab13d0562c820e59"
url = "https://github.com/go-task/task/releases/download/v3.49.1/task_darwin_amd64.tar.gz"
url_api = "https://api.github.com/repos/go-task/task/releases/assets/369609774"

[tools."github:go-task/task"."platforms.macos-x64-baseline"]
checksum = "sha256:8bc4dd3baed1c71956ade0bb0a9c1b94e3ed7b65e7f2ff3aab13d0562c820e59"
url = "https://github.com/go-task/task/releases/download/v3.49.1/task_darwin_amd64.tar.gz"
url_api = "https://api.github.com/repos/go-task/task/releases/assets/369609774"

[tools."github:go-task/task"."platforms.windows-x64"]
checksum = "sha256:725c551f699d4d6c0dc57bd8148f72bef8d5b2fb650d9c985f271a61522fd521"
url = "https://github.com/go-task/task/releases/download/v3.49.1/task_windows_amd64.zip"
url_api = "https://api.github.com/repos/go-task/task/releases/assets/369609805"

[tools."github:go-task/task"."platforms.windows-x64-baseline"]
checksum = "sha256:725c551f699d4d6c0dc57bd8148f72bef8d5b2fb650d9c985f271a61522fd521"
url = "https://github.com/go-task/task/releases/download/v3.49.1/task_windows_amd64.zip"
url_api = "https://api.github.com/repos/go-task/task/releases/assets/369609805"

[[tools."github:hairyhenderson/gomplate"]]
version = "5.0.0"
backend = "github:hairyhenderson/gomplate"

[tools."github:hairyhenderson/gomplate"."platforms.linux-arm64"]
checksum = "sha256:a5759bf822b9b350e31633481af63d0fedcfc6f8837470abd9bf0223729b8a51"
url = "https://github.com/hairyhenderson/gomplate/releases/download/v5.0.0/gomplate_linux-arm64"
url_api = "https://api.github.com/repos/hairyhenderson/gomplate/releases/assets/343795551"

[tools."github:hairyhenderson/gomplate"."platforms.linux-arm64-musl"]
checksum = "sha256:a5759bf822b9b350e31633481af63d0fedcfc6f8837470abd9bf0223729b8a51"
url = "https://github.com/hairyhenderson/gomplate/releases/download/v5.0.0/gomplate_linux-arm64"
url_api = "https://api.github.com/repos/hairyhenderson/gomplate/releases/assets/343795551"

[tools."github:hairyhenderson/gomplate"."platforms.linux-x64"]
checksum = "sha256:084469b46bd5d7da3acd7a8255fac1fb31d3fe054d717c3d4850f14624fbb177"
url = "https://github.com/hairyhenderson/gomplate/releases/download/v5.0.0/gomplate_linux-amd64"
url_api = "https://api.github.com/repos/hairyhenderson/gomplate/releases/assets/343795509"

[tools."github:hairyhenderson/gomplate"."platforms.linux-x64-baseline"]
checksum = "sha256:084469b46bd5d7da3acd7a8255fac1fb31d3fe054d717c3d4850f14624fbb177"
url = "https://github.com/hairyhenderson/gomplate/releases/download/v5.0.0/gomplate_linux-amd64"
url_api = "https://api.github.com/repos/hairyhenderson/gomplate/releases/assets/343795509"

[tools."github:hairyhenderson/gomplate"."platforms.linux-x64-musl"]
checksum = "sha256:084469b46bd5d7da3acd7a8255fac1fb31d3fe054d717c3d4850f14624fbb177"
url = "https://github.com/hairyhenderson/gomplate/releases/download/v5.0.0/gomplate_linux-amd64"
url_api = "https://api.github.com/repos/hairyhenderson/gomplate/releases/assets/343795509"

[tools."github:hairyhenderson/gomplate"."platforms.linux-x64-musl-baseline"]
checksum = "sha256:084469b46bd5d7da3acd7a8255fac1fb31d3fe054d717c3d4850f14624fbb177"
url = "https://github.com/hairyhenderson/gomplate/releases/download/v5.0.0/gomplate_linux-amd64"
url_api = "https://api.github.com/repos/hairyhenderson/gomplate/releases/assets/343795509"

[tools."github:hairyhenderson/gomplate"."platforms.macos-arm64"]
checksum = "sha256:89187f06c3d4cf6af7ae764a9efd37c5749f77bf1238435083215f9924fa9b02"
url = "https://github.com/hairyhenderson/gomplate/releases/download/v5.0.0/gomplate_darwin-arm64"
url_api = "https://api.github.com/repos/hairyhenderson/gomplate/releases/assets/343795501"

[tools."github:hairyhenderson/gomplate"."platforms.macos-x64"]
checksum = "sha256:eb885d994eb63170fe1e3c58e022df40e86eb342f24c910df6d0f58dff39610e"
url = "https://github.com/hairyhenderson/gomplate/releases/download/v5.0.0/gomplate_darwin-amd64"
url_api = "https://api.github.com/repos/hairyhenderson/gomplate/releases/assets/343795504"

[tools."github:hairyhenderson/gomplate"."platforms.macos-x64-baseline"]
checksum = "sha256:eb885d994eb63170fe1e3c58e022df40e86eb342f24c910df6d0f58dff39610e"
url = "https://github.com/hairyhenderson/gomplate/releases/download/v5.0.0/gomplate_darwin-amd64"
url_api = "https://api.github.com/repos/hairyhenderson/gomplate/releases/assets/343795504"

[tools."github:hairyhenderson/gomplate"."platforms.windows-x64"]
checksum = "sha256:9df739a49bea6a81b85a80c7ebaef876907923f1af865f54f33a762c1238a514"
url = "https://github.com/hairyhenderson/gomplate/releases/download/v5.0.0/gomplate_windows-amd64.zip"
url_api = "https://api.github.com/repos/hairyhenderson/gomplate/releases/assets/343795592"

[tools."github:hairyhenderson/gomplate"."platforms.windows-x64-baseline"]
checksum = "sha256:9df739a49bea6a81b85a80c7ebaef876907923f1af865f54f33a762c1238a514"
url = "https://github.com/hairyhenderson/gomplate/releases/download/v5.0.0/gomplate_windows-amd64.zip"
url_api = "https://api.github.com/repos/hairyhenderson/gomplate/releases/assets/343795592"

[[tools."github:pnpm/pnpm"]]
version = "10.32.1"
backend = "github:pnpm/pnpm"

[tools."github:pnpm/pnpm"."platforms.linux-arm64"]
checksum = "sha256:c0db0b837971fde6f9781af8914e54eb163721193a36d35cbcf1794b3474a407"
url = "https://github.com/pnpm/pnpm/releases/download/v10.32.1/pnpm-linux-arm64"
url_api = "https://api.github.com/repos/pnpm/pnpm/releases/assets/371216282"

[tools."github:pnpm/pnpm"."platforms.linux-arm64-musl"]
checksum = "sha256:c0db0b837971fde6f9781af8914e54eb163721193a36d35cbcf1794b3474a407"
url = "https://github.com/pnpm/pnpm/releases/download/v10.32.1/pnpm-linux-arm64"
url_api = "https://api.github.com/repos/pnpm/pnpm/releases/assets/371216282"

[tools."github:pnpm/pnpm"."platforms.linux-x64"]
checksum = "sha256:c5607a86bfb948297e96b393a53c90107766fe56329e62967b1f239d861d4363"
url = "https://github.com/pnpm/pnpm/releases/download/v10.32.1/pnpm-linux-x64"
url_api = "https://api.github.com/repos/pnpm/pnpm/releases/assets/371216286"

[tools."github:pnpm/pnpm"."platforms.linux-x64-baseline"]
checksum = "sha256:c5607a86bfb948297e96b393a53c90107766fe56329e62967b1f239d861d4363"
url = "https://github.com/pnpm/pnpm/releases/download/v10.32.1/pnpm-linux-x64"
url_api = "https://api.github.com/repos/pnpm/pnpm/releases/assets/371216286"

[tools."github:pnpm/pnpm"."platforms.linux-x64-musl"]
checksum = "sha256:c5607a86bfb948297e96b393a53c90107766fe56329e62967b1f239d861d4363"
url = "https://github.com/pnpm/pnpm/releases/download/v10.32.1/pnpm-linux-x64"
url_api = "https://api.github.com/repos/pnpm/pnpm/releases/assets/371216286"

[tools."github:pnpm/pnpm"."platforms.linux-x64-musl-baseline"]
checksum = "sha256:c5607a86bfb948297e96b393a53c90107766fe56329e62967b1f239d861d4363"
url = "https://github.com/pnpm/pnpm/releases/download/v10.32.1/pnpm-linux-x64"
url_api = "https://api.github.com/repos/pnpm/pnpm/releases/assets/371216286"

[tools."github:pnpm/pnpm"."platforms.macos-arm64"]
checksum = "sha256:b0904b4e0cf36704fcdc24bcdb5f03388799a631510d1fb0d459ea69c7b1e2d9"
url = "https://github.com/pnpm/pnpm/releases/download/v10.32.1/pnpm-macos-arm64"
url_api = "https://api.github.com/repos/pnpm/pnpm/releases/assets/371216291"

[tools."github:pnpm/pnpm"."platforms.macos-x64"]
checksum = "sha256:8b83277343bbc400fdb90608bd51b4f56e380e6624ac5fd0e11d6c08815e3f04"
url = "https://github.com/pnpm/pnpm/releases/download/v10.32.1/pnpm-macos-x64"
url_api = "https://api.github.com/repos/pnpm/pnpm/releases/assets/371216287"

[tools."github:pnpm/pnpm"."platforms.macos-x64-baseline"]
checksum = "sha256:8b83277343bbc400fdb90608bd51b4f56e380e6624ac5fd0e11d6c08815e3f04"
url = "https://github.com/pnpm/pnpm/releases/download/v10.32.1/pnpm-macos-x64"
url_api = "https://api.github.com/repos/pnpm/pnpm/releases/assets/371216287"

[tools."github:pnpm/pnpm"."platforms.windows-x64"]
checksum = "sha256:849141504c83bcd08a3d84dc20d43cff2584d672138d28c33ad62bdac809e7f2"
url = "https://github.com/pnpm/pnpm/releases/download/v10.32.1/pnpm-win-x64.exe"
url_api = "https://api.github.com/repos/pnpm/pnpm/releases/assets/371216281"

[tools."github:pnpm/pnpm"."platforms.windows-x64-baseline"]
checksum = "sha256:849141504c83bcd08a3d84dc20d43cff2584d672138d28c33ad62bdac809e7f2"
url = "https://github.com/pnpm/pnpm/releases/download/v10.32.1/pnpm-win-x64.exe"
url_api = "https://api.github.com/repos/pnpm/pnpm/releases/assets/371216281"

[[tools."github:redpanda-data/connect"]]
version = "4.46.0"
backend = "github:redpanda-data/connect"

[tools."github:redpanda-data/connect"."platforms.linux-arm64"]
checksum = "sha256:295aafcda6a8428ccee8c0ef42152b2006083c0fb1cbf8e9ff2852676f58222f"
url = "https://github.com/redpanda-data/connect/releases/download/v4.46.0/redpanda-connect_4.46.0_linux_arm64.tar.gz"
url_api = "https://api.github.com/repos/redpanda-data/connect/releases/assets/224651907"

[tools."github:redpanda-data/connect"."platforms.linux-arm64-musl"]
checksum = "sha256:295aafcda6a8428ccee8c0ef42152b2006083c0fb1cbf8e9ff2852676f58222f"
url = "https://github.com/redpanda-data/connect/releases/download/v4.46.0/redpanda-connect_4.46.0_linux_arm64.tar.gz"
url_api = "https://api.github.com/repos/redpanda-data/connect/releases/assets/224651907"

[tools."github:redpanda-data/connect"."platforms.linux-x64"]
checksum = "sha256:88c34f98976ea7f2dde426a02085aeb44f5539dbf987de7fc8207cc83108b788"
url = "https://github.com/redpanda-data/connect/releases/download/v4.46.0/redpanda-connect_4.46.0_linux_amd64.tar.gz"
url_api = "https://api.github.com/repos/redpanda-data/connect/releases/assets/224651913"

[tools."github:redpanda-data/connect"."platforms.linux-x64-baseline"]
checksum = "sha256:88c34f98976ea7f2dde426a02085aeb44f5539dbf987de7fc8207cc83108b788"
url = "https://github.com/redpanda-data/connect/releases/download/v4.46.0/redpanda-connect_4.46.0_linux_amd64.tar.gz"
url_api = "https://api.github.com/repos/redpanda-data/connect/releases/assets/224651913"

[tools."github:redpanda-data/connect"."platforms.linux-x64-musl"]
checksum = "sha256:88c34f98976ea7f2dde426a02085aeb44f5539dbf987de7fc8207cc83108b788"
url = "https://github.com/redpanda-data/connect/releases/download/v4.46.0/redpanda-connect_4.46.0_linux_amd64.tar.gz"
url_api = "https://api.github.com/repos/redpanda-data/connect/releases/assets/224651913"

[tools."github:redpanda-data/connect"."platforms.linux-x64-musl-baseline"]
checksum = "sha256:88c34f98976ea7f2dde426a02085aeb44f5539dbf987de7fc8207cc83108b788"
url = "https://github.com/redpanda-data/connect/releases/download/v4.46.0/redpanda-connect_4.46.0_linux_amd64.tar.gz"
url_api = "https://api.github.com/repos/redpanda-data/connect/releases/assets/224651913"

[tools."github:redpanda-data/connect"."platforms.macos-arm64"]
checksum = "sha256:298b4f5bf85a1a3f45574976984f575764ff36bf85d25ec0e9b3dbe8ee91fc06"
url = "https://github.com/redpanda-data/connect/releases/download/v4.46.0/redpanda-connect_4.46.0_darwin_arm64.tar.gz"
url_api = "https://api.github.com/repos/redpanda-data/connect/releases/assets/224651904"

[tools."github:redpanda-data/connect"."platforms.macos-x64"]
checksum = "sha256:b8db41622a946a00469aed8f8110a6f15d8b0543881dbd61fe973ded0be49a7b"
url = "https://github.com/redpanda-data/connect/releases/download/v4.46.0/redpanda-connect_4.46.0_darwin_amd64.tar.gz"
url_api = "https://api.github.com/repos/redpanda-data/connect/releases/assets/224651912"

[tools."github:redpanda-data/connect"."platforms.macos-x64-baseline"]
checksum = "sha256:b8db41622a946a00469aed8f8110a6f15d8b0543881dbd61fe973ded0be49a7b"
url = "https://github.com/redpanda-data/connect/releases/download/v4.46.0/redpanda-connect_4.46.0_darwin_amd64.tar.gz"
url_api = "https://api.github.com/repos/redpanda-data/connect/releases/assets/224651912"

[tools."github:redpanda-data/connect"."platforms.windows-x64"]
checksum = "sha256:4ab8a06ac3eeb030857a83a7648220361c4602ec2de19a1b3850d379ac85c76b"
url = "https://github.com/redpanda-data/connect/releases/download/v4.46.0/redpanda-connect_4.46.0_windows_amd64.tar.gz"
url_api = "https://api.github.com/repos/redpanda-data/connect/releases/assets/224651902"

[tools."github:redpanda-data/connect"."platforms.windows-x64-baseline"]
checksum = "sha256:4ab8a06ac3eeb030857a83a7648220361c4602ec2de19a1b3850d379ac85c76b"
url = "https://github.com/redpanda-data/connect/releases/download/v4.46.0/redpanda-connect_4.46.0_windows_amd64.tar.gz"
url_api = "https://api.github.com/repos/redpanda-data/connect/releases/assets/224651902"

[[tools.node]]
version = "22.23.3"
backend = "core:node"

[tools.node."platforms.linux-arm64"]
checksum = "sha256:5ced2d48d1d7198739b7f86804de0171aefb6823b684b12341d3321afc3cb0b2"
url = "https://nodejs.org/dist/v22.23.3/node-v22.23.3-linux-arm64.tar.gz"

[tools.node."platforms.linux-arm64-musl"]
checksum = "sha256:8cec03a498d883739d1dc9b924fda2f86944705b54ac707bf48a637483774c70"
url = "https://unofficial-builds.nodejs.org/download/release/v22.23.3/node-v22.23.3-linux-arm64-musl.tar.gz"

[tools.node."platforms.linux-x64"]
checksum = "sha256:1084aa36196bba4c3a5e69a1ee388a6e4ff729dad09445fbcd434b28fe3c24af"
url = "https://nodejs.org/dist/v22.23.3/node-v22.23.3-linux-x64.tar.gz"

[tools.node."platforms.linux-x64-baseline"]
checksum = "sha256:1084aa36196bba4c3a5e69a1ee388a6e4ff729dad09445fbcd434b28fe3c24af"
url = "https://nodejs.org/dist/v22.23.3/node-v22.23.3-linux-x64.tar.gz"

[tools.node."platforms.linux-x64-musl"]
checksum = "sha256:5ea46894fc06e09363846d8ed65a822bd00bea35d974e41320272a48af309e3a"
url = "https://unofficial-builds.nodejs.org/download/release/v22.23.3/node-v22.23.3-linux-x64-musl.tar.gz"

[tools.node."platforms.linux-x64-musl-baseline"]
checksum = "sha256:5ea46894fc06e09363846d8ed65a822bd00bea35d974e41320272a48af309e3a"
url = "https://unofficial-builds.nodejs.org/download/release/v22.23.3/node-v22.23.3-linux-x64-musl.tar.gz"

[tools.node."platforms.macos-arm64"]
checksum = "sha256:23b25245dcfb9af7262f8ff142e9e2e0af025368117329e7a7458a51e5922f53"
url = "https://nodejs.org/dist/v22.23.3/node-v22.23.3-darwin-arm64.tar.gz"

[tools.node."platforms.macos-x64"]
checksum = "sha256:8a677b0219178efd6eb0e475457c4afb452b521a92f6e67845a73bd85727f2a8"
url = "https://nodejs.org/dist/v22.23.3/node-v22.23.3-darwin-x64.tar.gz"

[tools.node."platforms.macos-x64-baseline"]
checksum = "sha256:8a677b0219178efd6eb0e475457c4afb452b521a92f6e67845a73bd85727f2a8"
url = "https://nodejs.org/dist/v22.23.3/node-v22.23.3-darwin-x64.tar.gz"

[tools.node."platforms.windows-x64"]
checksum = "sha256:2b0ff57b049cda1bbcea2240eec20467018713c1efe1f7360c2681859b90ed71"
url = "https://nodejs.org/dist/v22.23.3/node-v22.23.3-win-x64.zip"

[tools.node."platforms.windows-x64-baseline"]
checksum = "sha256:2b0ff57b049cda1bbcea2240eec20467018713c1efe1f7360c2681859b90ed71"
url = "https://nodejs.org/dist/v22.23.3/node-v22.23.3-win-x64.zip"
