# @generated - this file is auto-generated by `mise lock` https://mise.en.dev/dev-tools/mise-lock.html

[[tools."github:bufbuild/buf"]]
version = "1.73.0"
backend = "github:bufbuild/buf"

[tools."github:bufbuild/buf"."platforms.linux-arm64"]
checksum = "sha256:e928fa64061ddb5144d93df30fe48f3451231b0e77ea5ade684cb7b53037cc66"
url = "https://github.com/bufbuild/buf/releases/download/v1.73.0/buf-Linux-aarch64.tar.gz"
url_api = "https://api.github.com/repos/bufbuild/buf/releases/assets/557280183"

[tools."github:bufbuild/buf"."platforms.linux-arm64-musl"]
checksum = "sha256:e928fa64061ddb5144d93df30fe48f3451231b0e77ea5ade684cb7b53037cc66"
url = "https://github.com/bufbuild/buf/releases/download/v1.73.0/buf-Linux-aarch64.tar.gz"
url_api = "https://api.github.com/repos/bufbuild/buf/releases/assets/557280183"

[tools."github:bufbuild/buf"."platforms.linux-x64"]
checksum = "sha256:f8092c1be08d5606a8d22b4ae0e4079dd690154cebb4894dc5e24a5046093aff"
url = "https://github.com/bufbuild/buf/releases/download/v1.73.0/buf-Linux-x86_64.tar.gz"
url_api = "https://api.github.com/repos/bufbuild/buf/releases/assets/557280270"

[tools."github:bufbuild/buf"."platforms.linux-x64-musl"]
checksum = "sha256:f8092c1be08d5606a8d22b4ae0e4079dd690154cebb4894dc5e24a5046093aff"
url = "https://github.com/bufbuild/buf/releases/download/v1.73.0/buf-Linux-x86_64.tar.gz"
url_api = "https://api.github.com/repos/bufbuild/buf/releases/assets/557280270"

[tools."github:bufbuild/buf"."platforms.macos-arm64"]
checksum = "sha256:7eb1b167b729815b470e88d85cc1dbcb5d16bfbe73af248c9ed20cfbc4de060b"
url = "https://github.com/bufbuild/buf/releases/download/v1.73.0/buf-Darwin-arm64.tar.gz"
url_api = "https://api.github.com/repos/bufbuild/buf/releases/assets/557280123"

[tools."github:bufbuild/buf"."platforms.macos-x64"]
checksum = "sha256:12ededc2a5b55eee89be6f35b5f290938eb4c710109d47746d29fb5fc6c4d66c"
url = "https://github.com/bufbuild/buf/releases/download/v1.73.0/buf-Darwin-x86_64.tar.gz"
url_api = "https://api.github.com/repos/bufbuild/buf/releases/assets/557280115"

[tools."github:bufbuild/buf"."platforms.windows-x64"]
checksum = "sha256:19afc9b22569c7c528c278eb5f3d6706581e1ba9b232f420e0d91ae246762566"
url = "https://github.com/bufbuild/buf/releases/download/v1.73.0/buf-Windows-x86_64.zip"
url_api = "https://api.github.com/repos/bufbuild/buf/releases/assets/557280369"

[[tools."github:cue-lang/cue"]]
version = "0.16.1"
backend = "github:cue-lang/cue"

[tools."github:cue-lang/cue"."platforms.linux-arm64"]
checksum = "sha256:3cc715a9e969f87b93c4fa34cfaef5388b93e96efa20b248e8ad6826abd25a83"
url = "https://github.com/cue-lang/cue/releases/download/v0.16.1/cue_v0.16.1_linux_arm64.tar.gz"
url_api = "https://api.github.com/repos/cue-lang/cue/releases/assets/391635253"

[tools."github:cue-lang/cue"."platforms.linux-arm64-musl"]
checksum = "sha256:3cc715a9e969f87b93c4fa34cfaef5388b93e96efa20b248e8ad6826abd25a83"
url = "https://github.com/cue-lang/cue/releases/download/v0.16.1/cue_v0.16.1_linux_arm64.tar.gz"
url_api = "https://api.github.com/repos/cue-lang/cue/releases/assets/391635253"

[tools."github:cue-lang/cue"."platforms.linux-x64"]
checksum = "sha256:5d644c1305a2b86504c8dcd2ec829cf5b4999efc2cf51ee375624e0455f774ae"
url = "https://github.com/cue-lang/cue/releases/download/v0.16.1/cue_v0.16.1_linux_amd64.tar.gz"
url_api = "https://api.github.com/repos/cue-lang/cue/releases/assets/391635258"

[tools."github:cue-lang/cue"."platforms.linux-x64-musl"]
checksum = "sha256:5d644c1305a2b86504c8dcd2ec829cf5b4999efc2cf51ee375624e0455f774ae"
url = "https://github.com/cue-lang/cue/releases/download/v0.16.1/cue_v0.16.1_linux_amd64.tar.gz"
url_api = "https://api.github.com/repos/cue-lang/cue/releases/assets/391635258"

[tools."github:cue-lang/cue"."platforms.macos-arm64"]
checksum = "sha256:a72b0cddb377c52d1b003bed9a335d893b70cd75a182cd5e3fee8bae30ddb6d6"
url = "https://github.com/cue-lang/cue/releases/download/v0.16.1/cue_v0.16.1_darwin_arm64.tar.gz"
url_api = "https://api.github.com/repos/cue-lang/cue/releases/assets/391635257"

[tools."github:cue-lang/cue"."platforms.macos-x64"]
checksum = "sha256:97b0d78e4c5ee49ff72145fd6ef4f4bab0bb332d55f29660de3fec2af5ec96a9"
url = "https://github.com/cue-lang/cue/releases/download/v0.16.1/cue_v0.16.1_darwin_amd64.tar.gz"
url_api = "https://api.github.com/repos/cue-lang/cue/releases/assets/391635256"

[tools."github:cue-lang/cue"."platforms.windows-x64"]
checksum = "sha256:2f24123f458229fcf283db534bd86692ad1074da806defee0f0cc62976c0397c"
url = "https://github.com/cue-lang/cue/releases/download/v0.16.1/cue_v0.16.1_windows_amd64.zip"
url_api = "https://api.github.com/repos/cue-lang/cue/releases/assets/391635255"

[[tools."github:denoland/deno"]]
version = "2.9.7"
backend = "github:denoland/deno"

[tools."github:denoland/deno"."platforms.linux-arm64"]
checksum = "sha256:c832298b1ad4422481334855f6003e0f54145762c5a134f20a489511d2f65bbf"
url = "https://github.com/denoland/deno/releases/download/v2.9.7/deno-aarch64-unknown-linux-gnu.zip"
url_api = "https://api.github.com/repos/denoland/deno/releases/assets/568418344"

[tools."github:denoland/deno"."platforms.linux-arm64-musl"]
checksum = "sha256:c832298b1ad4422481334855f6003e0f54145762c5a134f20a489511d2f65bbf"
url = "https://github.com/denoland/deno/releases/download/v2.9.7/deno-aarch64-unknown-linux-gnu.zip"
url_api = "https://api.github.com/repos/denoland/deno/releases/assets/568418344"

[tools."github:denoland/deno"."platforms.linux-x64"]
checksum = "sha256:c6527f24f4b16031d3ae4fa9f658d5f11534c8d84ce7dc8502420280919c3490"
url = "https://github.com/denoland/deno/releases/download/v2.9.7/deno-x86_64-unknown-linux-gnu.zip"
url_api = "https://api.github.com/repos/denoland/deno/releases/assets/568461950"

[tools."github:denoland/deno"."platforms.linux-x64-musl"]
checksum = "sha256:c6527f24f4b16031d3ae4fa9f658d5f11534c8d84ce7dc8502420280919c3490"
url = "https://github.com/denoland/deno/releases/download/v2.9.7/deno-x86_64-unknown-linux-gnu.zip"
url_api = "https://api.github.com/repos/denoland/deno/releases/assets/568461950"

[tools."github:denoland/deno"."platforms.macos-arm64"]
checksum = "sha256:5cd46d6268f6f78f5d88bdc7159d20bd44cdaa4b3303474839f87ec6fe7ae25c"
url = "https://github.com/denoland/deno/releases/download/v2.9.7/deno-aarch64-apple-darwin.zip"
url_api = "https://api.github.com/repos/denoland/deno/releases/assets/568561366"

[tools."github:denoland/deno"."platforms.macos-x64"]
checksum = "sha256:95daaff11c116a52ad54785e7914c8e9c9cdcaba793c5ed929c74ca2d8e6259a"
url = "https://github.com/denoland/deno/releases/download/v2.9.7/deno-x86_64-apple-darwin.zip"
url_api = "https://api.github.com/repos/denoland/deno/releases/assets/568516488"

[tools."github:denoland/deno"."platforms.windows-x64"]
checksum = "sha256:a0c3101b4158d1dfb7d6a78a7bf0f3de80c96bb423c152beec8beb22786f2238"
url = "https://github.com/denoland/deno/releases/download/v2.9.7/deno-x86_64-pc-windows-msvc.zip"
url_api = "https://api.github.com/repos/denoland/deno/releases/assets/568431369"

[[tools."http:duckdb"]]
version = "1.5.5"
backend = "http:duckdb"

[tools."http:duckdb"."platforms.linux-arm64"]
checksum = "blake3:2ec12466e06a0ff8da4728e5ab05b7e2a83fcae92388c06e305d57fd901f6e28"
url = "https://github.com/duckdb/duckdb/releases/download/v1.5.5/duckdb_cli-linux-arm64.zip"

[tools."http:duckdb"."platforms.linux-arm64-musl"]
url = "https://github.com/duckdb/duckdb/releases/download/v1.5.5/duckdb_cli-linux-arm64.zip"

[tools."http:duckdb"."platforms.linux-x64"]
checksum = "blake3:2e647c2cc552cdb0fb3d078dcc3b60fa30f6f2b4a3b5db06e4d1ada20e44b484"
url = "https://github.com/duckdb/duckdb/releases/download/v1.5.5/duckdb_cli-linux-amd64.zip"

[tools."http:duckdb"."platforms.linux-x64-musl"]
url = "https://github.com/duckdb/duckdb/releases/download/v1.5.5/duckdb_cli-linux-amd64.zip"

[tools."http:duckdb"."platforms.macos-arm64"]
checksum = "blake3:584f28088b6f94d624d57df0a8a996763a2181cfb5b67ce0fae6a30c690071c5"
url = "https://github.com/duckdb/duckdb/releases/download/v1.5.5/duckdb_cli-osx-arm64.zip"

[tools."http:duckdb"."platforms.macos-x64"]
checksum = "blake3:6b1c3170833fd8677190914668a15ff9b056a48c3213552b3338a51c014f25d4"
url = "https://github.com/duckdb/duckdb/releases/download/v1.5.5/duckdb_cli-osx-amd64.zip"

[tools."http:duckdb"."platforms.windows-x64"]
checksum = "blake3:1e2c2d61c169427994a673193978d79b66c38862b362390b15d277044e67f225"
url = "https://github.com/duckdb/duckdb/releases/download/v1.5.5/duckdb_cli-windows-amd64.zip"

[[tools.protoc]]
version = "33.0"
backend = "aqua:protocolbuffers/protobuf/protoc"

[tools.protoc."platforms.linux-arm64"]
checksum = "sha256:4b96bc91f8b54d829b8c3ca2207ff1ceb774843321e4fa5a68502faece584272"
url = "https://github.com/protocolbuffers/protobuf/releases/download/v33.0/protoc-33.0-linux-aarch_64.zip"

[tools.protoc."platforms.linux-arm64-musl"]
checksum = "sha256:4b96bc91f8b54d829b8c3ca2207ff1ceb774843321e4fa5a68502faece584272"
url = "https://github.com/protocolbuffers/protobuf/releases/download/v33.0/protoc-33.0-linux-aarch_64.zip"

[tools.protoc."platforms.linux-x64"]
checksum = "sha256:d99c011b799e9e412064244f0be417e5d76c9b6ace13a2ac735330fa7d57ad8f"
url = "https://github.com/protocolbuffers/protobuf/releases/download/v33.0/protoc-33.0-linux-x86_64.zip"

[tools.protoc."platforms.linux-x64-musl"]
checksum = "sha256:d99c011b799e9e412064244f0be417e5d76c9b6ace13a2ac735330fa7d57ad8f"
url = "https://github.com/protocolbuffers/protobuf/releases/download/v33.0/protoc-33.0-linux-x86_64.zip"

[tools.protoc."platforms.macos-arm64"]
checksum = "sha256:3cf55dd47118bd2efda9cd26b74f8bbbfcf5beb1bf606bc56ad4c001b543f6d3"
url = "https://github.com/protocolbuffers/protobuf/releases/download/v33.0/protoc-33.0-osx-aarch_64.zip"

[tools.protoc."platforms.macos-x64"]
checksum = "sha256:e4e50a703147a92d1a5a2d3a34c9e41717f67ade67d4be72b9a466eb8f22fe87"
url = "https://github.com/protocolbuffers/protobuf/releases/download/v33.0/protoc-33.0-osx-x86_64.zip"

[tools.protoc."platforms.windows-x64"]
checksum = "sha256:3742cd49c8b6bd78b6760540367eb0ff62fa70a1032e15dafe131bfaf296986a"
url = "https://github.com/protocolbuffers/protobuf/releases/download/v33.0/protoc-33.0-win64.zip"
